
Microsoft Visual Studio Solution File, Format Version 12.00
# Visual Studio Version 17
VisualStudioVersion = 17.0.31903.59
MinimumVisualStudioVersion = 10.0.40219.1
Project("{2150E333-8FDC-42A3-9474-1A3956D46DE8}") = "Assemblies", "Assemblies", "{20EFFD2B-F690-FFA8-16A9-C9830A7F7F9B}"
EndProject
Project("{FAE04EC0-301F-11D3-BF4B-00C04F79EFBC}") = "Roblox.Platform.Membership", "Assemblies\Roblox.Platform.Membership\Roblox.Platform.Membership.csproj", "{361C2037-2813-4BFD-BE5B-D2AE01BE62F4}"
EndProject
Project("{FAE04EC0-301F-11D3-BF4B-00C04F79EFBC}") = "Roblox.Platform.MembershipCore", "Assemblies\Roblox.Platform.MembershipCore\Roblox.Platform.MembershipCore.csproj", "{4AB82383-C024-4002-9CA0-4AC99D483757}"
EndProject
Project("{FAE04EC0-301F-11D3-BF4B-00C04F79EFBC}") = "Roblox.Platform.Core", "Assemblies\Roblox.Platform.Core\Roblox.Platform.Core.csproj", "{CA33AB0B-F5B2-4B6D-BF5C-49922C7E0BC2}"
EndProject
Project("{FAE04EC0-301F-11D3-BF4B-00C04F79EFBC}") = "Roblox.Amazon", "Assemblies\Roblox.Amazon\Roblox.Amazon.csproj", "{8C7B0533-75D1-4DE2-8FB7-D2CCFA302F95}"
EndProject
Project("{FAE04EC0-301F-11D3-BF4B-00C04F79EFBC}") = "Roblox.Amazon.Core", "Assemblies\Roblox.Amazon.Core\Roblox.Amazon.Core.csproj", "{D41FF86F-21A5-4DD6-A0BE-BCFB2D7CB0E0}"
EndProject
Project("{FAE04EC0-301F-11D3-BF4B-00C04F79EFBC}") = "Roblox.Configuration", "Assemblies\Roblox.Configuration\Roblox.Configuration.csproj", "{A24BACFF-4D44-4B04-9437-96C1AAF81031}"
EndProject
Project("{FAE04EC0-301F-11D3-BF4B-00C04F79EFBC}") = "Roblox.Instrumentation", "Assemblies\Roblox.Instrumentation\Roblox.Instrumentation.csproj", "{18BF0D12-49CA-476E-9AD7-BBEBAC5A3162}"
EndProject
Project("{FAE04EC0-301F-11D3-BF4B-00C04F79EFBC}") = "Roblox.EventLog", "Assemblies\Roblox.EventLog\Roblox.EventLog.csproj", "{700EED1B-00FF-4D67-99B3-B88255B39E21}"
EndProject
Project("{FAE04EC0-301F-11D3-BF4B-00C04F79EFBC}") = "Roblox.Common.NetStandard", "Assemblies\Roblox.Common.NetStandard\Roblox.Common.NetStandard.csproj", "{BC6A768E-DD6F-4F88-A77B-D249C4CDE0E8}"
EndProject
Project("{FAE04EC0-301F-11D3-BF4B-00C04F79EFBC}") = "Roblox.BucketStore", "Assemblies\Roblox.BucketStore\Roblox.BucketStore.csproj", "{9CE7FF11-D03C-4A69-BE73-09EE709164B1}"
EndProject
Project("{FAE04EC0-301F-11D3-BF4B-00C04F79EFBC}") = "Roblox.Sentinels", "Assemblies\Roblox.Sentinels\Roblox.Sentinels.csproj", "{F03A55ED-88B0-47C2-AD02-01BD1E3B3A62}"
EndProject
Project("{FAE04EC0-301F-11D3-BF4B-00C04F79EFBC}") = "Roblox.DataV2.Core", "Assemblies\Roblox.DataV2.Core\Roblox.DataV2.Core.csproj", "{4DA2C96D-95B6-4BE0-9731-7324C03A1E68}"
EndProject
Project("{FAE04EC0-301F-11D3-BF4B-00C04F79EFBC}") = "Roblox.Collections", "Assemblies\Roblox.Collections\Roblox.Collections.csproj", "{19C7EC9B-35E5-4C4D-9D00-9791342607F0}"
EndProject
Project("{FAE04EC0-301F-11D3-BF4B-00C04F79EFBC}") = "Roblox.Users.Client.Properties", "Assemblies\Roblox.Users.Client.Properties\Roblox.Users.Client.Properties.csproj", "{21A9187E-1CA0-46D0-A974-2676396C20F8}"
EndProject
Project("{FAE04EC0-301F-11D3-BF4B-00C04F79EFBC}") = "Roblox.Users.Client", "Assemblies\Roblox.Users.Client\Roblox.Users.Client.csproj", "{295A7987-32C9-4BC5-97E8-B8BB6A4AA8DB}"
EndProject
Project("{FAE04EC0-301F-11D3-BF4B-00C04F79EFBC}") = "Roblox.Common", "Assemblies\Roblox.Common\Roblox.Common.csproj", "{7C9662F8-B57A-4BA3-B88F-53A3950FF7C6}"
EndProject
Project("{FAE04EC0-301F-11D3-BF4B-00C04F79EFBC}") = "Roblox.RequestContext", "Assemblies\Roblox.RequestContext\Roblox.RequestContext.csproj", "{E72A9ADB-516A-4DAC-B706-1E8F02283CE1}"
EndProject
Project("{FAE04EC0-301F-11D3-BF4B-00C04F79EFBC}") = "Roblox.Serialization.Json", "Assemblies\Roblox.Serialization.Json\Roblox.Serialization.Json.csproj", "{CE0A3916-334E-4C8B-A216-EB86D638C4BA}"
EndProject
Project("{FAE04EC0-301F-11D3-BF4B-00C04F79EFBC}") = "Roblox.Http.ServiceClient", "Assemblies\Roblox.Http.ServiceClient\Roblox.Http.ServiceClient.csproj", "{908D32DD-88DA-4398-A690-B5379F4E0953}"
EndProject
Project("{FAE04EC0-301F-11D3-BF4B-00C04F79EFBC}") = "Roblox.Http.Client", "Assemblies\Roblox.Http.Client\Roblox.Http.Client.csproj", "{579CD6AE-AE7C-4372-99B2-387A8E0D3A30}"
EndProject
Global
	GlobalSection(SolutionConfigurationPlatforms) = preSolution
		Debug|Any CPU = Debug|Any CPU
		Debug|x64 = Debug|x64
		Debug|x86 = Debug|x86
		Release|Any CPU = Release|Any CPU
		Release|x64 = Release|x64
		Release|x86 = Release|x86
	EndGlobalSection
	GlobalSection(ProjectConfigurationPlatforms) = postSolution
		{361C2037-2813-4BFD-BE5B-D2AE01BE62F4}.Debug|Any CPU.ActiveCfg = Debug|Any CPU
		{361C2037-2813-4BFD-BE5B-D2AE01BE62F4}.Debug|Any CPU.Build.0 = Debug|Any CPU
		{361C2037-2813-4BFD-BE5B-D2AE01BE62F4}.Debug|x64.ActiveCfg = Debug|Any CPU
		{361C2037-2813-4BFD-BE5B-D2AE01BE62F4}.Debug|x64.Build.0 = Debug|Any CPU
		{361C2037-2813-4BFD-BE5B-D2AE01BE62F4}.Debug|x86.ActiveCfg = Debug|Any CPU
		{361C2037-2813-4BFD-BE5B-D2AE01BE62F4}.Debug|x86.Build.0 = Debug|Any CPU
		{361C2037-2813-4BFD-BE5B-D2AE01BE62F4}.Release|Any CPU.ActiveCfg = Release|Any CPU
		{361C2037-2813-4BFD-BE5B-D2AE01BE62F4}.Release|Any CPU.Build.0 = Release|Any CPU
		{361C2037-2813-4BFD-BE5B-D2AE01BE62F4}.Release|x64.ActiveCfg = Release|Any CPU
		{361C2037-2813-4BFD-BE5B-D2AE01BE62F4}.Release|x64.Build.0 = Release|Any CPU
		{361C2037-2813-4BFD-BE5B-D2AE01BE62F4}.Release|x86.ActiveCfg = Release|Any CPU
		{361C2037-2813-4BFD-BE5B-D2AE01BE62F4}.Release|x86.Build.0 = Release|Any CPU
		{4AB82383-C024-4002-9CA0-4AC99D483757}.Debug|Any CPU.ActiveCfg = Debug|Any CPU
		{4AB82383-C024-4002-9CA0-4AC99D483757}.Debug|Any CPU.Build.0 = Debug|Any CPU
		{4AB82383-C024-4002-9CA0-4AC99D483757}.Debug|x64.ActiveCfg = Debug|Any CPU
		{4AB82383-C024-4002-9CA0-4AC99D483757}.Debug|x64.Build.0 = Debug|Any CPU
		{4AB82383-C024-4002-9CA0-4AC99D483757}.Debug|x86.ActiveCfg = Debug|Any CPU
		{4AB82383-C024-4002-9CA0-4AC99D483757}.Debug|x86.Build.0 = Debug|Any CPU
		{4AB82383-C024-4002-9CA0-4AC99D483757}.Release|Any CPU.ActiveCfg = Release|Any CPU
		{4AB82383-C024-4002-9CA0-4AC99D483757}.Release|Any CPU.Build.0 = Release|Any CPU
		{4AB82383-C024-4002-9CA0-4AC99D483757}.Release|x64.ActiveCfg = Release|Any CPU
		{4AB82383-C024-4002-9CA0-4AC99D483757}.Release|x64.Build.0 = Release|Any CPU
		{4AB82383-C024-4002-9CA0-4AC99D483757}.Release|x86.ActiveCfg = Release|Any CPU
		{4AB82383-C024-4002-9CA0-4AC99D483757}.Release|x86.Build.0 = Release|Any CPU
		{CA33AB0B-F5B2-4B6D-BF5C-49922C7E0BC2}.Debug|Any CPU.ActiveCfg = Debug|Any CPU
		{CA33AB0B-F5B2-4B6D-BF5C-49922C7E0BC2}.Debug|Any CPU.Build.0 = Debug|Any CPU
		{CA33AB0B-F5B2-4B6D-BF5C-49922C7E0BC2}.Debug|x64.ActiveCfg = Debug|Any CPU
		{CA33AB0B-F5B2-4B6D-BF5C-49922C7E0BC2}.Debug|x64.Build.0 = Debug|Any CPU
		{CA33AB0B-F5B2-4B6D-BF5C-49922C7E0BC2}.Debug|x86.ActiveCfg = Debug|Any CPU
		{CA33AB0B-F5B2-4B6D-BF5C-49922C7E0BC2}.Debug|x86.Build.0 = Debug|Any CPU
		{CA33AB0B-F5B2-4B6D-BF5C-49922C7E0BC2}.Release|Any CPU.ActiveCfg = Release|Any CPU
		{CA33AB0B-F5B2-4B6D-BF5C-49922C7E0BC2}.Release|Any CPU.Build.0 = Release|Any CPU
		{CA33AB0B-F5B2-4B6D-BF5C-49922C7E0BC2}.Release|x64.ActiveCfg = Release|Any CPU
		{CA33AB0B-F5B2-4B6D-BF5C-49922C7E0BC2}.Release|x64.Build.0 = Release|Any CPU
		{CA33AB0B-F5B2-4B6D-BF5C-49922C7E0BC2}.Release|x86.ActiveCfg = Release|Any CPU
		{CA33AB0B-F5B2-4B6D-BF5C-49922C7E0BC2}.Release|x86.Build.0 = Release|Any CPU
		{8C7B0533-75D1-4DE2-8FB7-D2CCFA302F95}.Debug|Any CPU.ActiveCfg = Debug|Any CPU
		{8C7B0533-75D1-4DE2-8FB7-D2CCFA302F95}.Debug|Any CPU.Build.0 = Debug|Any CPU
		{8C7B0533-75D1-4DE2-8FB7-D2CCFA302F95}.Debug|x64.ActiveCfg = Debug|Any CPU
		{8C7B0533-75D1-4DE2-8FB7-D2CCFA302F95}.Debug|x64.Build.0 = Debug|Any CPU
		{8C7B0533-75D1-4DE2-8FB7-D2CCFA302F95}.Debug|x86.ActiveCfg = Debug|Any CPU
		{8C7B0533-75D1-4DE2-8FB7-D2CCFA302F95}.Debug|x86.Build.0 = Debug|Any CPU
		{8C7B0533-75D1-4DE2-8FB7-D2CCFA302F95}.Release|Any CPU.ActiveCfg = Release|Any CPU
		{8C7B0533-75D1-4DE2-8FB7-D2CCFA302F95}.Release|Any CPU.Build.0 = Release|Any CPU
		{8C7B0533-75D1-4DE2-8FB7-D2CCFA302F95}.Release|x64.ActiveCfg = Release|Any CPU
		{8C7B0533-75D1-4DE2-8FB7-D2CCFA302F95}.Release|x64.Build.0 = Release|Any CPU
		{8C7B0533-75D1-4DE2-8FB7-D2CCFA302F95}.Release|x86.ActiveCfg = Release|Any CPU
		{8C7B0533-75D1-4DE2-8FB7-D2CCFA302F95}.Release|x86.Build.0 = Release|Any CPU
		{D41FF86F-21A5-4DD6-A0BE-BCFB2D7CB0E0}.Debug|Any CPU.ActiveCfg = Debug|Any CPU
		{D41FF86F-21A5-4DD6-A0BE-BCFB2D7CB0E0}.Debug|Any CPU.Build.0 = Debug|Any CPU
		{D41FF86F-21A5-4DD6-A0BE-BCFB2D7CB0E0}.Debug|x64.ActiveCfg = Debug|Any CPU
		{D41FF86F-21A5-4DD6-A0BE-BCFB2D7CB0E0}.Debug|x64.Build.0 = Debug|Any CPU
		{D41FF86F-21A5-4DD6-A0BE-BCFB2D7CB0E0}.Debug|x86.ActiveCfg = Debug|Any CPU
		{D41FF86F-21A5-4DD6-A0BE-BCFB2D7CB0E0}.Debug|x86.Build.0 = Debug|Any CPU
		{D41FF86F-21A5-4DD6-A0BE-BCFB2D7CB0E0}.Release|Any CPU.ActiveCfg = Release|Any CPU
		{D41FF86F-21A5-4DD6-A0BE-BCFB2D7CB0E0}.Release|Any CPU.Build.0 = Release|Any CPU
		{D41FF86F-21A5-4DD6-A0BE-BCFB2D7CB0E0}.Release|x64.ActiveCfg = Release|Any CPU
		{D41FF86F-21A5-4DD6-A0BE-BCFB2D7CB0E0}.Release|x64.Build.0 = Release|Any CPU
		{D41FF86F-21A5-4DD6-A0BE-BCFB2D7CB0E0}.Release|x86.ActiveCfg = Release|Any CPU
		{D41FF86F-21A5-4DD6-A0BE-BCFB2D7CB0E0}.Release|x86.Build.0 = Release|Any CPU
		{A24BACFF-4D44-4B04-9437-96C1AAF81031}.Debug|Any CPU.ActiveCfg = Debug|Any CPU
		{A24BACFF-4D44-4B04-9437-96C1AAF81031}.Debug|Any CPU.Build.0 = Debug|Any CPU
		{A24BACFF-4D44-4B04-9437-96C1AAF81031}.Debug|x64.ActiveCfg = Debug|Any CPU
		{A24BACFF-4D44-4B04-9437-96C1AAF81031}.Debug|x64.Build.0 = Debug|Any CPU
		{A24BACFF-4D44-4B04-9437-96C1AAF81031}.Debug|x86.ActiveCfg = Debug|Any CPU
		{A24BACFF-4D44-4B04-9437-96C1AAF81031}.Debug|x86.Build.0 = Debug|Any CPU
		{A24BACFF-4D44-4B04-9437-96C1AAF81031}.Release|Any CPU.ActiveCfg = Release|Any CPU
		{A24BACFF-4D44-4B04-9437-96C1AAF81031}.Release|Any CPU.Build.0 = Release|Any CPU
		{A24BACFF-4D44-4B04-9437-96C1AAF81031}.Release|x64.ActiveCfg = Release|Any CPU
		{A24BACFF-4D44-4B04-9437-96C1AAF81031}.Release|x64.Build.0 = Release|Any CPU
		{A24BACFF-4D44-4B04-9437-96C1AAF81031}.Release|x86.ActiveCfg = Release|Any CPU
		{A24BACFF-4D44-4B04-9437-96C1AAF81031}.Release|x86.Build.0 = Release|Any CPU
		{18BF0D12-49CA-476E-9AD7-BBEBAC5A3162}.Debug|Any CPU.ActiveCfg = Debug|Any CPU
		{18BF0D12-49CA-476E-9AD7-BBEBAC5A3162}.Debug|Any CPU.Build.0 = Debug|Any CPU
		{18BF0D12-49CA-476E-9AD7-BBEBAC5A3162}.Debug|x64.ActiveCfg = Debug|Any CPU
		{18BF0D12-49CA-476E-9AD7-BBEBAC5A3162}.Debug|x64.Build.0 = Debug|Any CPU
		{18BF0D12-49CA-476E-9AD7-BBEBAC5A3162}.Debug|x86.ActiveCfg = Debug|Any CPU
		{18BF0D12-49CA-476E-9AD7-BBEBAC5A3162}.Debug|x86.Build.0 = Debug|Any CPU
		{18BF0D12-49CA-476E-9AD7-BBEBAC5A3162}.Release|Any CPU.ActiveCfg = Release|Any CPU
		{18BF0D12-49CA-476E-9AD7-BBEBAC5A3162}.Release|Any CPU.Build.0 = Release|Any CPU
		{18BF0D12-49CA-476E-9AD7-BBEBAC5A3162}.Release|x64.ActiveCfg = Release|Any CPU
		{18BF0D12-49CA-476E-9AD7-BBEBAC5A3162}.Release|x64.Build.0 = Release|Any CPU
		{18BF0D12-49CA-476E-9AD7-BBEBAC5A3162}.Release|x86.ActiveCfg = Release|Any CPU
		{18BF0D12-49CA-476E-9AD7-BBEBAC5A3162}.Release|x86.Build.0 = Release|Any CPU
		{700EED1B-00FF-4D67-99B3-B88255B39E21}.Debug|Any CPU.ActiveCfg = Debug|Any CPU
		{700EED1B-00FF-4D67-99B3-B88255B39E21}.Debug|Any CPU.Build.0 = Debug|Any CPU
		{700EED1B-00FF-4D67-99B3-B88255B39E21}.Debug|x64.ActiveCfg = Debug|Any CPU
		{700EED1B-00FF-4D67-99B3-B88255B39E21}.Debug|x64.Build.0 = Debug|Any CPU
		{700EED1B-00FF-4D67-99B3-B88255B39E21}.Debug|x86.ActiveCfg = Debug|Any CPU
		{700EED1B-00FF-4D67-99B3-B88255B39E21}.Debug|x86.Build.0 = Debug|Any CPU
		{700EED1B-00FF-4D67-99B3-B88255B39E21}.Release|Any CPU.ActiveCfg = Release|Any CPU
		{700EED1B-00FF-4D67-99B3-B88255B39E21}.Release|Any CPU.Build.0 = Release|Any CPU
		{700EED1B-00FF-4D67-99B3-B88255B39E21}.Release|x64.ActiveCfg = Release|Any CPU
		{700EED1B-00FF-4D67-99B3-B88255B39E21}.Release|x64.Build.0 = Release|Any CPU
		{700EED1B-00FF-4D67-99B3-B88255B39E21}.Release|x86.ActiveCfg = Release|Any CPU
		{700EED1B-00FF-4D67-99B3-B88255B39E21}.Release|x86.Build.0 = Release|Any CPU
		{BC6A768E-DD6F-4F88-A77B-D249C4CDE0E8}.Debug|Any CPU.ActiveCfg = Debug|Any CPU
		{BC6A768E-DD6F-4F88-A77B-D249C4CDE0E8}.Debug|Any CPU.Build.0 = Debug|Any CPU
		{BC6A768E-DD6F-4F88-A77B-D249C4CDE0E8}.Debug|x64.ActiveCfg = Debug|Any CPU
		{BC6A768E-DD6F-4F88-A77B-D249C4CDE0E8}.Debug|x64.Build.0 = Debug|Any CPU
		{BC6A768E-DD6F-4F88-A77B-D249C4CDE0E8}.Debug|x86.ActiveCfg = Debug|Any CPU
		{BC6A768E-DD6F-4F88-A77B-D249C4CDE0E8}.Debug|x86.Build.0 = Debug|Any CPU
		{BC6A768E-DD6F-4F88-A77B-D249C4CDE0E8}.Release|Any CPU.ActiveCfg = Release|Any CPU
		{BC6A768E-DD6F-4F88-A77B-D249C4CDE0E8}.Release|Any CPU.Build.0 = Release|Any CPU
		{BC6A768E-DD6F-4F88-A77B-D249C4CDE0E8}.Release|x64.ActiveCfg = Release|Any CPU
		{BC6A768E-DD6F-4F88-A77B-D249C4CDE0E8}.Release|x64.Build.0 = Release|Any CPU
		{BC6A768E-DD6F-4F88-A77B-D249C4CDE0E8}.Release|x86.ActiveCfg = Release|Any CPU
		{BC6A768E-DD6F-4F88-A77B-D249C4CDE0E8}.Release|x86.Build.0 = Release|Any CPU
		{9CE7FF11-D03C-4A69-BE73-09EE709164B1}.Debug|Any CPU.ActiveCfg = Debug|Any CPU
		{9CE7FF11-D03C-4A69-BE73-09EE709164B1}.Debug|Any CPU.Build.0 = Debug|Any CPU
		{9CE7FF11-D03C-4A69-BE73-09EE709164B1}.Debug|x64.ActiveCfg = Debug|Any CPU
		{9CE7FF11-D03C-4A69-BE73-09EE709164B1}.Debug|x64.Build.0 = Debug|Any CPU
		{9CE7FF11-D03C-4A69-BE73-09EE709164B1}.Debug|x86.ActiveCfg = Debug|Any CPU
		{9CE7FF11-D03C-4A69-BE73-09EE709164B1}.Debug|x86.Build.0 = Debug|Any CPU
		{9CE7FF11-D03C-4A69-BE73-09EE709164B1}.Release|Any CPU.ActiveCfg = Release|Any CPU
		{9CE7FF11-D03C-4A69-BE73-09EE709164B1}.Release|Any CPU.Build.0 = Release|Any CPU
		{9CE7FF11-D03C-4A69-BE73-09EE709164B1}.Release|x64.ActiveCfg = Release|Any CPU
		{9CE7FF11-D03C-4A69-BE73-09EE709164B1}.Release|x64.Build.0 = Release|Any CPU
		{9CE7FF11-D03C-4A69-BE73-09EE709164B1}.Release|x86.ActiveCfg = Release|Any CPU
		{9CE7FF11-D03C-4A69-BE73-09EE709164B1}.Release|x86.Build.0 = Release|Any CPU
		{F03A55ED-88B0-47C2-AD02-01BD1E3B3A62}.Debug|Any CPU.ActiveCfg = Debug|Any CPU
		{F03A55ED-88B0-47C2-AD02-01BD1E3B3A62}.Debug|Any CPU.Build.0 = Debug|Any CPU
		{F03A55ED-88B0-47C2-AD02-01BD1E3B3A62}.Debug|x64.ActiveCfg = Debug|Any CPU
		{F03A55ED-88B0-47C2-AD02-01BD1E3B3A62}.Debug|x64.Build.0 = Debug|Any CPU
		{F03A55ED-88B0-47C2-AD02-01BD1E3B3A62}.Debug|x86.ActiveCfg = Debug|Any CPU
		{F03A55ED-88B0-47C2-AD02-01BD1E3B3A62}.Debug|x86.Build.0 = Debug|Any CPU
		{F03A55ED-88B0-47C2-AD02-01BD1E3B3A62}.Release|Any CPU.ActiveCfg = Release|Any CPU
		{F03A55ED-88B0-47C2-AD02-01BD1E3B3A62}.Release|Any CPU.Build.0 = Release|Any CPU
		{F03A55ED-88B0-47C2-AD02-01BD1E3B3A62}.Release|x64.ActiveCfg = Release|Any CPU
		{F03A55ED-88B0-47C2-AD02-01BD1E3B3A62}.Release|x64.Build.0 = Release|Any CPU
		{F03A55ED-88B0-47C2-AD02-01BD1E3B3A62}.Release|x86.ActiveCfg = Release|Any CPU
		{F03A55ED-88B0-47C2-AD02-01BD1E3B3A62}.Release|x86.Build.0 = Release|Any CPU
		{4DA2C96D-95B6-4BE0-9731-7324C03A1E68}.Debug|Any CPU.ActiveCfg = Debug|Any CPU
		{4DA2C96D-95B6-4BE0-9731-7324C03A1E68}.Debug|Any CPU.Build.0 = Debug|Any CPU
		{4DA2C96D-95B6-4BE0-9731-7324C03A1E68}.Debug|x64.ActiveCfg = Debug|Any CPU
		{4DA2C96D-95B6-4BE0-9731-7324C03A1E68}.Debug|x64.Build.0 = Debug|Any CPU
		{4DA2C96D-95B6-4BE0-9731-7324C03A1E68}.Debug|x86.ActiveCfg = Debug|Any CPU
		{4DA2C96D-95B6-4BE0-9731-7324C03A1E68}.Debug|x86.Build.0 = Debug|Any CPU
		{4DA2C96D-95B6-4BE0-9731-7324C03A1E68}.Release|Any CPU.ActiveCfg = Release|Any CPU
		{4DA2C96D-95B6-4BE0-9731-7324C03A1E68}.Release|Any CPU.Build.0 = Release|Any CPU
		{4DA2C96D-95B6-4BE0-9731-7324C03A1E68}.Release|x64.ActiveCfg = Release|Any CPU
		{4DA2C96D-95B6-4BE0-9731-7324C03A1E68}.Release|x64.Build.0 = Release|Any CPU
		{4DA2C96D-95B6-4BE0-9731-7324C03A1E68}.Release|x86.ActiveCfg = Release|Any CPU
		{4DA2C96D-95B6-4BE0-9731-7324C03A1E68}.Release|x86.Build.0 = Release|Any CPU
		{19C7EC9B-35E5-4C4D-9D00-9791342607F0}.Debug|Any CPU.ActiveCfg = Debug|Any CPU
		{19C7EC9B-35E5-4C4D-9D00-9791342607F0}.Debug|Any CPU.Build.0 = Debug|Any CPU
		{19C7EC9B-35E5-4C4D-9D00-9791342607F0}.Debug|x64.ActiveCfg = Debug|Any CPU
		{19C7EC9B-35E5-4C4D-9D00-9791342607F0}.Debug|x64.Build.0 = Debug|Any CPU
		{19C7EC9B-35E5-4C4D-9D00-9791342607F0}.Debug|x86.ActiveCfg = Debug|Any CPU
		{19C7EC9B-35E5-4C4D-9D00-9791342607F0}.Debug|x86.Build.0 = Debug|Any CPU
		{19C7EC9B-35E5-4C4D-9D00-9791342607F0}.Release|Any CPU.ActiveCfg = Release|Any CPU
		{19C7EC9B-35E5-4C4D-9D00-9791342607F0}.Release|Any CPU.Build.0 = Release|Any CPU
		{19C7EC9B-35E5-4C4D-9D00-9791342607F0}.Release|x64.ActiveCfg = Release|Any CPU
		{19C7EC9B-35E5-4C4D-9D00-9791342607F0}.Release|x64.Build.0 = Release|Any CPU
		{19C7EC9B-35E5-4C4D-9D00-9791342607F0}.Release|x86.ActiveCfg = Release|Any CPU
		{19C7EC9B-35E5-4C4D-9D00-9791342607F0}.Release|x86.Build.0 = Release|Any CPU
		{21A9187E-1CA0-46D0-A974-2676396C20F8}.Debug|Any CPU.ActiveCfg = Debug|Any CPU
		{21A9187E-1CA0-46D0-A974-2676396C20F8}.Debug|Any CPU.Build.0 = Debug|Any CPU
		{21A9187E-1CA0-46D0-A974-2676396C20F8}.Debug|x64.ActiveCfg = Debug|Any CPU
		{21A9187E-1CA0-46D0-A974-2676396C20F8}.Debug|x64.Build.0 = Debug|Any CPU
		{21A9187E-1CA0-46D0-A974-2676396C20F8}.Debug|x86.ActiveCfg = Debug|Any CPU
		{21A9187E-1CA0-46D0-A974-2676396C20F8}.Debug|x86.Build.0 = Debug|Any CPU
		{21A9187E-1CA0-46D0-A974-2676396C20F8}.Release|Any CPU.ActiveCfg = Release|Any CPU
		{21A9187E-1CA0-46D0-A974-2676396C20F8}.Release|Any CPU.Build.0 = Release|Any CPU
		{21A9187E-1CA0-46D0-A974-2676396C20F8}.Release|x64.ActiveCfg = Release|Any CPU
		{21A9187E-1CA0-46D0-A974-2676396C20F8}.Release|x64.Build.0 = Release|Any CPU
		{21A9187E-1CA0-46D0-A974-2676396C20F8}.Release|x86.ActiveCfg = Release|Any CPU
		{21A9187E-1CA0-46D0-A974-2676396C20F8}.Release|x86.Build.0 = Release|Any CPU
		{295A7987-32C9-4BC5-97E8-B8BB6A4AA8DB}.Debug|Any CPU.ActiveCfg = Debug|Any CPU
		{295A7987-32C9-4BC5-97E8-B8BB6A4AA8DB}.Debug|Any CPU.Build.0 = Debug|Any CPU
		{295A7987-32C9-4BC5-97E8-B8BB6A4AA8DB}.Debug|x64.ActiveCfg = Debug|Any CPU
		{295A7987-32C9-4BC5-97E8-B8BB6A4AA8DB}.Debug|x64.Build.0 = Debug|Any CPU
		{295A7987-32C9-4BC5-97E8-B8BB6A4AA8DB}.Debug|x86.ActiveCfg = Debug|Any CPU
		{295A7987-32C9-4BC5-97E8-B8BB6A4AA8DB}.Debug|x86.Build.0 = Debug|Any CPU
		{295A7987-32C9-4BC5-97E8-B8BB6A4AA8DB}.Release|Any CPU.ActiveCfg = Release|Any CPU
		{295A7987-32C9-4BC5-97E8-B8BB6A4AA8DB}.Release|Any CPU.Build.0 = Release|Any CPU
		{295A7987-32C9-4BC5-97E8-B8BB6A4AA8DB}.Release|x64.ActiveCfg = Release|Any CPU
		{295A7987-32C9-4BC5-97E8-B8BB6A4AA8DB}.Release|x64.Build.0 = Release|Any CPU
		{295A7987-32C9-4BC5-97E8-B8BB6A4AA8DB}.Release|x86.ActiveCfg = Release|Any CPU
		{295A7987-32C9-4BC5-97E8-B8BB6A4AA8DB}.Release|x86.Build.0 = Release|Any CPU
		{7C9662F8-B57A-4BA3-B88F-53A3950FF7C6}.Debug|Any CPU.ActiveCfg = Debug|Any CPU
		{7C9662F8-B57A-4BA3-B88F-53A3950FF7C6}.Debug|Any CPU.Build.0 = Debug|Any CPU
		{7C9662F8-B57A-4BA3-B88F-53A3950FF7C6}.Debug|x64.ActiveCfg = Debug|Any CPU
		{7C9662F8-B57A-4BA3-B88F-53A3950FF7C6}.Debug|x64.Build.0 = Debug|Any CPU
		{7C9662F8-B57A-4BA3-B88F-53A3950FF7C6}.Debug|x86.ActiveCfg = Debug|Any CPU
		{7C9662F8-B57A-4BA3-B88F-53A3950FF7C6}.Debug|x86.Build.0 = Debug|Any CPU
		{7C9662F8-B57A-4BA3-B88F-53A3950FF7C6}.Release|Any CPU.ActiveCfg = Release|Any CPU
		{7C9662F8-B57A-4BA3-B88F-53A3950FF7C6}.Release|Any CPU.Build.0 = Release|Any CPU
		{7C9662F8-B57A-4BA3-B88F-53A3950FF7C6}.Release|x64.ActiveCfg = Release|Any CPU
		{7C9662F8-B57A-4BA3-B88F-53A3950FF7C6}.Release|x64.Build.0 = Release|Any CPU
		{7C9662F8-B57A-4BA3-B88F-53A3950FF7C6}.Release|x86.ActiveCfg = Release|Any CPU
		{7C9662F8-B57A-4BA3-B88F-53A3950FF7C6}.Release|x86.Build.0 = Release|Any CPU
		{E72A9ADB-516A-4DAC-B706-1E8F02283CE1}.Debug|Any CPU.ActiveCfg = Debug|Any CPU
		{E72A9ADB-516A-4DAC-B706-1E8F02283CE1}.Debug|Any CPU.Build.0 = Debug|Any CPU
		{E72A9ADB-516A-4DAC-B706-1E8F02283CE1}.Debug|x64.ActiveCfg = Debug|Any CPU
		{E72A9ADB-516A-4DAC-B706-1E8F02283CE1}.Debug|x64.Build.0 = Debug|Any CPU
		{E72A9ADB-516A-4DAC-B706-1E8F02283CE1}.Debug|x86.ActiveCfg = Debug|Any CPU
		{E72A9ADB-516A-4DAC-B706-1E8F02283CE1}.Debug|x86.Build.0 = Debug|Any CPU
		{E72A9ADB-516A-4DAC-B706-1E8F02283CE1}.Release|Any CPU.ActiveCfg = Release|Any CPU
		{E72A9ADB-516A-4DAC-B706-1E8F02283CE1}.Release|Any CPU.Build.0 = Release|Any CPU
		{E72A9ADB-516A-4DAC-B706-1E8F02283CE1}.Release|x64.ActiveCfg = Release|Any CPU
		{E72A9ADB-516A-4DAC-B706-1E8F02283CE1}.Release|x64.Build.0 = Release|Any CPU
		{E72A9ADB-516A-4DAC-B706-1E8F02283CE1}.Release|x86.ActiveCfg = Release|Any CPU
		{E72A9ADB-516A-4DAC-B706-1E8F02283CE1}.Release|x86.Build.0 = Release|Any CPU
		{CE0A3916-334E-4C8B-A216-EB86D638C4BA}.Debug|Any CPU.ActiveCfg = Debug|Any CPU
		{CE0A3916-334E-4C8B-A216-EB86D638C4BA}.Debug|Any CPU.Build.0 = Debug|Any CPU
		{CE0A3916-334E-4C8B-A216-EB86D638C4BA}.Debug|x64.ActiveCfg = Debug|Any CPU
		{CE0A3916-334E-4C8B-A216-EB86D638C4BA}.Debug|x64.Build.0 = Debug|Any CPU
		{CE0A3916-334E-4C8B-A216-EB86D638C4BA}.Debug|x86.ActiveCfg = Debug|Any CPU
		{CE0A3916-334E-4C8B-A216-EB86D638C4BA}.Debug|x86.Build.0 = Debug|Any CPU
		{CE0A3916-334E-4C8B-A216-EB86D638C4BA}.Release|Any CPU.ActiveCfg = Release|Any CPU
		{CE0A3916-334E-4C8B-A216-EB86D638C4BA}.Release|Any CPU.Build.0 = Release|Any CPU
		{CE0A3916-334E-4C8B-A216-EB86D638C4BA}.Release|x64.ActiveCfg = Release|Any CPU
		{CE0A3916-334E-4C8B-A216-EB86D638C4BA}.Release|x64.Build.0 = Release|Any CPU
		{CE0A3916-334E-4C8B-A216-EB86D638C4BA}.Release|x86.ActiveCfg = Release|Any CPU
		{CE0A3916-334E-4C8B-A216-EB86D638C4BA}.Release|x86.Build.0 = Release|Any CPU
		{908D32DD-88DA-4398-A690-B5379F4E0953}.Debug|Any CPU.ActiveCfg = Debug|Any CPU
		{908D32DD-88DA-4398-A690-B5379F4E0953}.Debug|Any CPU.Build.0 = Debug|Any CPU
		{908D32DD-88DA-4398-A690-B5379F4E0953}.Debug|x64.ActiveCfg = Debug|Any CPU
		{908D32DD-88DA-4398-A690-B5379F4E0953}.Debug|x64.Build.0 = Debug|Any CPU
		{908D32DD-88DA-4398-A690-B5379F4E0953}.Debug|x86.ActiveCfg = Debug|Any CPU
		{908D32DD-88DA-4398-A690-B5379F4E0953}.Debug|x86.Build.0 = Debug|Any CPU
		{908D32DD-88DA-4398-A690-B5379F4E0953}.Release|Any CPU.ActiveCfg = Release|Any CPU
		{908D32DD-88DA-4398-A690-B5379F4E0953}.Release|Any CPU.Build.0 = Release|Any CPU
		{908D32DD-88DA-4398-A690-B5379F4E0953}.Release|x64.ActiveCfg = Release|Any CPU
		{908D32DD-88DA-4398-A690-B5379F4E0953}.Release|x64.Build.0 = Release|Any CPU
		{908D32DD-88DA-4398-A690-B5379F4E0953}.Release|x86.ActiveCfg = Release|Any CPU
		{908D32DD-88DA-4398-A690-B5379F4E0953}.Release|x86.Build.0 = Release|Any CPU
		{579CD6AE-AE7C-4372-99B2-387A8E0D3A30}.Debug|Any CPU.ActiveCfg = Debug|Any CPU
		{579CD6AE-AE7C-4372-99B2-387A8E0D3A30}.Debug|Any CPU.Build.0 = Debug|Any CPU
		{579CD6AE-AE7C-4372-99B2-387A8E0D3A30}.Debug|x64.ActiveCfg = Debug|Any CPU
		{579CD6AE-AE7C-4372-99B2-387A8E0D3A30}.Debug|x64.Build.0 = Debug|Any CPU
		{579CD6AE-AE7C-4372-99B2-387A8E0D3A30}.Debug|x86.ActiveCfg = Debug|Any CPU
		{579CD6AE-AE7C-4372-99B2-387A8E0D3A30}.Debug|x86.Build.0 = Debug|Any CPU
		{579CD6AE-AE7C-4372-99B2-387A8E0D3A30}.Release|Any CPU.ActiveCfg = Release|Any CPU
		{579CD6AE-AE7C-4372-99B2-387A8E0D3A30}.Release|Any CPU.Build.0 = Release|Any CPU
		{579CD6AE-AE7C-4372-99B2-387A8E0D3A30}.Release|x64.ActiveCfg = Release|Any CPU
		{579CD6AE-AE7C-4372-99B2-387A8E0D3A30}.Release|x64.Build.0 = Release|Any CPU
		{579CD6AE-AE7C-4372-99B2-387A8E0D3A30}.Release|x86.ActiveCfg = Release|Any CPU
		{579CD6AE-AE7C-4372-99B2-387A8E0D3A30}.Release|x86.Build.0 = Release|Any CPU
	EndGlobalSection
	GlobalSection(SolutionProperties) = preSolution
		HideSolutionNode = FALSE
	EndGlobalSection
	GlobalSection(NestedProjects) = preSolution
		{361C2037-2813-4BFD-BE5B-D2AE01BE62F4} = {20EFFD2B-F690-FFA8-16A9-C9830A7F7F9B}
		{4AB82383-C024-4002-9CA0-4AC99D483757} = {20EFFD2B-F690-FFA8-16A9-C9830A7F7F9B}
		{CA33AB0B-F5B2-4B6D-BF5C-49922C7E0BC2} = {20EFFD2B-F690-FFA8-16A9-C9830A7F7F9B}
		{8C7B0533-75D1-4DE2-8FB7-D2CCFA302F95} = {20EFFD2B-F690-FFA8-16A9-C9830A7F7F9B}
		{D41FF86F-21A5-4DD6-A0BE-BCFB2D7CB0E0} = {20EFFD2B-F690-FFA8-16A9-C9830A7F7F9B}
		{A24BACFF-4D44-4B04-9437-96C1AAF81031} = {20EFFD2B-F690-FFA8-16A9-C9830A7F7F9B}
		{18BF0D12-49CA-476E-9AD7-BBEBAC5A3162} = {20EFFD2B-F690-FFA8-16A9-C9830A7F7F9B}
		{700EED1B-00FF-4D67-99B3-B88255B39E21} = {20EFFD2B-F690-FFA8-16A9-C9830A7F7F9B}
		{BC6A768E-DD6F-4F88-A77B-D249C4CDE0E8} = {20EFFD2B-F690-FFA8-16A9-C9830A7F7F9B}
		{9CE7FF11-D03C-4A69-BE73-09EE709164B1} = {20EFFD2B-F690-FFA8-16A9-C9830A7F7F9B}
		{F03A55ED-88B0-47C2-AD02-01BD1E3B3A62} = {20EFFD2B-F690-FFA8-16A9-C9830A7F7F9B}
		{4DA2C96D-95B6-4BE0-9731-7324C03A1E68} = {20EFFD2B-F690-FFA8-16A9-C9830A7F7F9B}
		{19C7EC9B-35E5-4C4D-9D00-9791342607F0} = {20EFFD2B-F690-FFA8-16A9-C9830A7F7F9B}
		{21A9187E-1CA0-46D0-A974-2676396C20F8} = {20EFFD2B-F690-FFA8-16A9-C9830A7F7F9B}
		{295A7987-32C9-4BC5-97E8-B8BB6A4AA8DB} = {20EFFD2B-F690-FFA8-16A9-C9830A7F7F9B}
		{7C9662F8-B57A-4BA3-B88F-53A3950FF7C6} = {20EFFD2B-F690-FFA8-16A9-C9830A7F7F9B}
		{E72A9ADB-516A-4DAC-B706-1E8F02283CE1} = {20EFFD2B-F690-FFA8-16A9-C9830A7F7F9B}
		{CE0A3916-334E-4C8B-A216-EB86D638C4BA} = {20EFFD2B-F690-FFA8-16A9-C9830A7F7F9B}
		{908D32DD-88DA-4398-A690-B5379F4E0953} = {20EFFD2B-F690-FFA8-16A9-C9830A7F7F9B}
		{579CD6AE-AE7C-4372-99B2-387A8E0D3A30} = {20EFFD2B-F690-FFA8-16A9-C9830A7F7F9B}
	EndGlobalSection
EndGlobal
