
Microsoft Visual Studio Solution File, Format Version 12.00
# Visual Studio Version 17
VisualStudioVersion = 17.0.31903.59
MinimumVisualStudioVersion = 10.0.40219.1
Project("{FAE04EC0-301F-11D3-BF4B-00C04F79EFBC}") = "Roblox.Platform.PermissionResolution.Client", "Roblox.Platform.PermissionResolution.Client\Roblox.Platform.PermissionResolution.Client.csproj", "{AE1162D4-19E1-4776-AF0F-0713A9A32A94}"
EndProject
Project("{FAE04EC0-301F-11D3-BF4B-00C04F79EFBC}") = "Roblox.Platform.Permissions.Client", "Roblox.Platform.Permissions.Client\Roblox.Platform.Permissions.Client.csproj", "{3CE07024-D594-482A-81E4-BB502FD320E9}"
EndProject
Project("{FAE04EC0-301F-11D3-BF4B-00C04F79EFBC}") = "Roblox.Platform.Permissions.Core", "Roblox.Platform.Permissions.Core\Roblox.Platform.Permissions.Core.csproj", "{A12FF4BF-EC46-4824-BCAA-055D646EC06E}"
EndProject
Project("{FAE04EC0-301F-11D3-BF4B-00C04F79EFBC}") = "Roblox.Platform.Permissions", "Roblox.Platform.Permissions\Roblox.Platform.Permissions.csproj", "{421E678A-3DB2-4F99-9256-10711C9CD5F4}"
EndProject
Global
	GlobalSection(SolutionConfigurationPlatforms) = preSolution
		Debug|Any CPU = Debug|Any CPU
		Debug|x64 = Debug|x64
		Debug|x86 = Debug|x86
		Release|Any CPU = Release|Any CPU
		Release|x64 = Release|x64
		Release|x86 = Release|x86
	EndGlobalSection
	GlobalSection(ProjectConfigurationPlatforms) = postSolution
		{AE1162D4-19E1-4776-AF0F-0713A9A32A94}.Debug|Any CPU.ActiveCfg = Debug|Any CPU
		{AE1162D4-19E1-4776-AF0F-0713A9A32A94}.Debug|Any CPU.Build.0 = Debug|Any CPU
		{AE1162D4-19E1-4776-AF0F-0713A9A32A94}.Debug|x64.ActiveCfg = Debug|Any CPU
		{AE1162D4-19E1-4776-AF0F-0713A9A32A94}.Debug|x64.Build.0 = Debug|Any CPU
		{AE1162D4-19E1-4776-AF0F-0713A9A32A94}.Debug|x86.ActiveCfg = Debug|Any CPU
		{AE1162D4-19E1-4776-AF0F-0713A9A32A94}.Debug|x86.Build.0 = Debug|Any CPU
		{AE1162D4-19E1-4776-AF0F-0713A9A32A94}.Release|Any CPU.ActiveCfg = Release|Any CPU
		{AE1162D4-19E1-4776-AF0F-0713A9A32A94}.Release|Any CPU.Build.0 = Release|Any CPU
		{AE1162D4-19E1-4776-AF0F-0713A9A32A94}.Release|x64.ActiveCfg = Release|Any CPU
		{AE1162D4-19E1-4776-AF0F-0713A9A32A94}.Release|x64.Build.0 = Release|Any CPU
		{AE1162D4-19E1-4776-AF0F-0713A9A32A94}.Release|x86.ActiveCfg = Release|Any CPU
		{AE1162D4-19E1-4776-AF0F-0713A9A32A94}.Release|x86.Build.0 = Release|Any CPU
		{3CE07024-D594-482A-81E4-BB502FD320E9}.Debug|Any CPU.ActiveCfg = Debug|Any CPU
		{3CE07024-D594-482A-81E4-BB502FD320E9}.Debug|Any CPU.Build.0 = Debug|Any CPU
		{3CE07024-D594-482A-81E4-BB502FD320E9}.Debug|x64.ActiveCfg = Debug|Any CPU
		{3CE07024-D594-482A-81E4-BB502FD320E9}.Debug|x64.Build.0 = Debug|Any CPU
		{3CE07024-D594-482A-81E4-BB502FD320E9}.Debug|x86.ActiveCfg = Debug|Any CPU
		{3CE07024-D594-482A-81E4-BB502FD320E9}.Debug|x86.Build.0 = Debug|Any CPU
		{3CE07024-D594-482A-81E4-BB502FD320E9}.Release|Any CPU.ActiveCfg = Release|Any CPU
		{3CE07024-D594-482A-81E4-BB502FD320E9}.Release|Any CPU.Build.0 = Release|Any CPU
		{3CE07024-D594-482A-81E4-BB502FD320E9}.Release|x64.ActiveCfg = Release|Any CPU
		{3CE07024-D594-482A-81E4-BB502FD320E9}.Release|x64.Build.0 = Release|Any CPU
		{3CE07024-D594-482A-81E4-BB502FD320E9}.Release|x86.ActiveCfg = Release|Any CPU
		{3CE07024-D594-482A-81E4-BB502FD320E9}.Release|x86.Build.0 = Release|Any CPU
		{A12FF4BF-EC46-4824-BCAA-055D646EC06E}.Debug|Any CPU.ActiveCfg = Debug|Any CPU
		{A12FF4BF-EC46-4824-BCAA-055D646EC06E}.Debug|Any CPU.Build.0 = Debug|Any CPU
		{A12FF4BF-EC46-4824-BCAA-055D646EC06E}.Debug|x64.ActiveCfg = Debug|Any CPU
		{A12FF4BF-EC46-4824-BCAA-055D646EC06E}.Debug|x64.Build.0 = Debug|Any CPU
		{A12FF4BF-EC46-4824-BCAA-055D646EC06E}.Debug|x86.ActiveCfg = Debug|Any CPU
		{A12FF4BF-EC46-4824-BCAA-055D646EC06E}.Debug|x86.Build.0 = Debug|Any CPU
		{A12FF4BF-EC46-4824-BCAA-055D646EC06E}.Release|Any CPU.ActiveCfg = Release|Any CPU
		{A12FF4BF-EC46-4824-BCAA-055D646EC06E}.Release|Any CPU.Build.0 = Release|Any CPU
		{A12FF4BF-EC46-4824-BCAA-055D646EC06E}.Release|x64.ActiveCfg = Release|Any CPU
		{A12FF4BF-EC46-4824-BCAA-055D646EC06E}.Release|x64.Build.0 = Release|Any CPU
		{A12FF4BF-EC46-4824-BCAA-055D646EC06E}.Release|x86.ActiveCfg = Release|Any CPU
		{A12FF4BF-EC46-4824-BCAA-055D646EC06E}.Release|x86.Build.0 = Release|Any CPU
		{421E678A-3DB2-4F99-9256-10711C9CD5F4}.Debug|Any CPU.ActiveCfg = Debug|Any CPU
		{421E678A-3DB2-4F99-9256-10711C9CD5F4}.Debug|Any CPU.Build.0 = Debug|Any CPU
		{421E678A-3DB2-4F99-9256-10711C9CD5F4}.Debug|x64.ActiveCfg = Debug|Any CPU
		{421E678A-3DB2-4F99-9256-10711C9CD5F4}.Debug|x64.Build.0 = Debug|Any CPU
		{421E678A-3DB2-4F99-9256-10711C9CD5F4}.Debug|x86.ActiveCfg = Debug|Any CPU
		{421E678A-3DB2-4F99-9256-10711C9CD5F4}.Debug|x86.Build.0 = Debug|Any CPU
		{421E678A-3DB2-4F99-9256-10711C9CD5F4}.Release|Any CPU.ActiveCfg = Release|Any CPU
		{421E678A-3DB2-4F99-9256-10711C9CD5F4}.Release|Any CPU.Build.0 = Release|Any CPU
		{421E678A-3DB2-4F99-9256-10711C9CD5F4}.Release|x64.ActiveCfg = Release|Any CPU
		{421E678A-3DB2-4F99-9256-10711C9CD5F4}.Release|x64.Build.0 = Release|Any CPU
		{421E678A-3DB2-4F99-9256-10711C9CD5F4}.Release|x86.ActiveCfg = Release|Any CPU
		{421E678A-3DB2-4F99-9256-10711C9CD5F4}.Release|x86.Build.0 = Release|Any CPU
	EndGlobalSection
	GlobalSection(SolutionProperties) = preSolution
		HideSolutionNode = FALSE
	EndGlobalSection
EndGlobal
