
Microsoft Visual Studio Solution File, Format Version 12.00
# Visual Studio Version 17
VisualStudioVersion = 17.0.31903.59
MinimumVisualStudioVersion = 10.0.40219.1
Project("{FAE04EC0-301F-11D3-BF4B-00C04F79EFBC}") = "Roblox.Platform.Membership.Commands", "Roblox.Platform.Membership.Commands\Roblox.Platform.Membership.Commands.csproj", "{DFD32A1A-D1C3-47EA-949B-20030213FD4E}"
EndProject
Project("{FAE04EC0-301F-11D3-BF4B-00C04F79EFBC}") = "Roblox.Platform.Membership.Core", "Roblox.Platform.Membership.Core\Roblox.Platform.Membership.Core.csproj", "{9535B8F5-EDA5-44CF-88DB-A2EB7AC9A6A7}"
EndProject
Project("{FAE04EC0-301F-11D3-BF4B-00C04F79EFBC}") = "Roblox.Platform.Membership.Extensions", "Roblox.Platform.Membership.Extensions\Roblox.Platform.Membership.Extensions.csproj", "{C3EF668D-7991-4189-9BA3-71CC4901F339}"
EndProject
Project("{FAE04EC0-301F-11D3-BF4B-00C04F79EFBC}") = "Roblox.Platform.Membership.UserDataAudit", "Roblox.Platform.Membership.UserDataAudit\Roblox.Platform.Membership.UserDataAudit.csproj", "{1F80C3BF-3F88-460A-BBC0-0B084CA80CF5}"
EndProject
Project("{FAE04EC0-301F-11D3-BF4B-00C04F79EFBC}") = "Roblox.Platform.Membership.UserDataAuditCore", "Roblox.Platform.Membership.UserDataAuditCore\Roblox.Platform.Membership.UserDataAuditCore.csproj", "{9B5776F3-C5E7-4642-A6FF-D1D954AB6133}"
EndProject
Project("{FAE04EC0-301F-11D3-BF4B-00C04F79EFBC}") = "Roblox.Platform.Membership", "Roblox.Platform.Membership\Roblox.Platform.Membership.csproj", "{03B81176-115F-47AE-94C2-7E0A459EE9D7}"
EndProject
Global
	GlobalSection(SolutionConfigurationPlatforms) = preSolution
		Debug|Any CPU = Debug|Any CPU
		Debug|x64 = Debug|x64
		Debug|x86 = Debug|x86
		Release|Any CPU = Release|Any CPU
		Release|x64 = Release|x64
		Release|x86 = Release|x86
	EndGlobalSection
	GlobalSection(ProjectConfigurationPlatforms) = postSolution
		{DFD32A1A-D1C3-47EA-949B-20030213FD4E}.Debug|Any CPU.ActiveCfg = Debug|Any CPU
		{DFD32A1A-D1C3-47EA-949B-20030213FD4E}.Debug|Any CPU.Build.0 = Debug|Any CPU
		{DFD32A1A-D1C3-47EA-949B-20030213FD4E}.Debug|x64.ActiveCfg = Debug|Any CPU
		{DFD32A1A-D1C3-47EA-949B-20030213FD4E}.Debug|x64.Build.0 = Debug|Any CPU
		{DFD32A1A-D1C3-47EA-949B-20030213FD4E}.Debug|x86.ActiveCfg = Debug|Any CPU
		{DFD32A1A-D1C3-47EA-949B-20030213FD4E}.Debug|x86.Build.0 = Debug|Any CPU
		{DFD32A1A-D1C3-47EA-949B-20030213FD4E}.Release|Any CPU.ActiveCfg = Release|Any CPU
		{DFD32A1A-D1C3-47EA-949B-20030213FD4E}.Release|Any CPU.Build.0 = Release|Any CPU
		{DFD32A1A-D1C3-47EA-949B-20030213FD4E}.Release|x64.ActiveCfg = Release|Any CPU
		{DFD32A1A-D1C3-47EA-949B-20030213FD4E}.Release|x64.Build.0 = Release|Any CPU
		{DFD32A1A-D1C3-47EA-949B-20030213FD4E}.Release|x86.ActiveCfg = Release|Any CPU
		{DFD32A1A-D1C3-47EA-949B-20030213FD4E}.Release|x86.Build.0 = Release|Any CPU
		{9535B8F5-EDA5-44CF-88DB-A2EB7AC9A6A7}.Debug|Any CPU.ActiveCfg = Debug|Any CPU
		{9535B8F5-EDA5-44CF-88DB-A2EB7AC9A6A7}.Debug|Any CPU.Build.0 = Debug|Any CPU
		{9535B8F5-EDA5-44CF-88DB-A2EB7AC9A6A7}.Debug|x64.ActiveCfg = Debug|Any CPU
		{9535B8F5-EDA5-44CF-88DB-A2EB7AC9A6A7}.Debug|x64.Build.0 = Debug|Any CPU
		{9535B8F5-EDA5-44CF-88DB-A2EB7AC9A6A7}.Debug|x86.ActiveCfg = Debug|Any CPU
		{9535B8F5-EDA5-44CF-88DB-A2EB7AC9A6A7}.Debug|x86.Build.0 = Debug|Any CPU
		{9535B8F5-EDA5-44CF-88DB-A2EB7AC9A6A7}.Release|Any CPU.ActiveCfg = Release|Any CPU
		{9535B8F5-EDA5-44CF-88DB-A2EB7AC9A6A7}.Release|Any CPU.Build.0 = Release|Any CPU
		{9535B8F5-EDA5-44CF-88DB-A2EB7AC9A6A7}.Release|x64.ActiveCfg = Release|Any CPU
		{9535B8F5-EDA5-44CF-88DB-A2EB7AC9A6A7}.Release|x64.Build.0 = Release|Any CPU
		{9535B8F5-EDA5-44CF-88DB-A2EB7AC9A6A7}.Release|x86.ActiveCfg = Release|Any CPU
		{9535B8F5-EDA5-44CF-88DB-A2EB7AC9A6A7}.Release|x86.Build.0 = Release|Any CPU
		{C3EF668D-7991-4189-9BA3-71CC4901F339}.Debug|Any CPU.ActiveCfg = Debug|Any CPU
		{C3EF668D-7991-4189-9BA3-71CC4901F339}.Debug|Any CPU.Build.0 = Debug|Any CPU
		{C3EF668D-7991-4189-9BA3-71CC4901F339}.Debug|x64.ActiveCfg = Debug|Any CPU
		{C3EF668D-7991-4189-9BA3-71CC4901F339}.Debug|x64.Build.0 = Debug|Any CPU
		{C3EF668D-7991-4189-9BA3-71CC4901F339}.Debug|x86.ActiveCfg = Debug|Any CPU
		{C3EF668D-7991-4189-9BA3-71CC4901F339}.Debug|x86.Build.0 = Debug|Any CPU
		{C3EF668D-7991-4189-9BA3-71CC4901F339}.Release|Any CPU.ActiveCfg = Release|Any CPU
		{C3EF668D-7991-4189-9BA3-71CC4901F339}.Release|Any CPU.Build.0 = Release|Any CPU
		{C3EF668D-7991-4189-9BA3-71CC4901F339}.Release|x64.ActiveCfg = Release|Any CPU
		{C3EF668D-7991-4189-9BA3-71CC4901F339}.Release|x64.Build.0 = Release|Any CPU
		{C3EF668D-7991-4189-9BA3-71CC4901F339}.Release|x86.ActiveCfg = Release|Any CPU
		{C3EF668D-7991-4189-9BA3-71CC4901F339}.Release|x86.Build.0 = Release|Any CPU
		{1F80C3BF-3F88-460A-BBC0-0B084CA80CF5}.Debug|Any CPU.ActiveCfg = Debug|Any CPU
		{1F80C3BF-3F88-460A-BBC0-0B084CA80CF5}.Debug|Any CPU.Build.0 = Debug|Any CPU
		{1F80C3BF-3F88-460A-BBC0-0B084CA80CF5}.Debug|x64.ActiveCfg = Debug|Any CPU
		{1F80C3BF-3F88-460A-BBC0-0B084CA80CF5}.Debug|x64.Build.0 = Debug|Any CPU
		{1F80C3BF-3F88-460A-BBC0-0B084CA80CF5}.Debug|x86.ActiveCfg = Debug|Any CPU
		{1F80C3BF-3F88-460A-BBC0-0B084CA80CF5}.Debug|x86.Build.0 = Debug|Any CPU
		{1F80C3BF-3F88-460A-BBC0-0B084CA80CF5}.Release|Any CPU.ActiveCfg = Release|Any CPU
		{1F80C3BF-3F88-460A-BBC0-0B084CA80CF5}.Release|Any CPU.Build.0 = Release|Any CPU
		{1F80C3BF-3F88-460A-BBC0-0B084CA80CF5}.Release|x64.ActiveCfg = Release|Any CPU
		{1F80C3BF-3F88-460A-BBC0-0B084CA80CF5}.Release|x64.Build.0 = Release|Any CPU
		{1F80C3BF-3F88-460A-BBC0-0B084CA80CF5}.Release|x86.ActiveCfg = Release|Any CPU
		{1F80C3BF-3F88-460A-BBC0-0B084CA80CF5}.Release|x86.Build.0 = Release|Any CPU
		{9B5776F3-C5E7-4642-A6FF-D1D954AB6133}.Debug|Any CPU.ActiveCfg = Debug|Any CPU
		{9B5776F3-C5E7-4642-A6FF-D1D954AB6133}.Debug|Any CPU.Build.0 = Debug|Any CPU
		{9B5776F3-C5E7-4642-A6FF-D1D954AB6133}.Debug|x64.ActiveCfg = Debug|Any CPU
		{9B5776F3-C5E7-4642-A6FF-D1D954AB6133}.Debug|x64.Build.0 = Debug|Any CPU
		{9B5776F3-C5E7-4642-A6FF-D1D954AB6133}.Debug|x86.ActiveCfg = Debug|Any CPU
		{9B5776F3-C5E7-4642-A6FF-D1D954AB6133}.Debug|x86.Build.0 = Debug|Any CPU
		{9B5776F3-C5E7-4642-A6FF-D1D954AB6133}.Release|Any CPU.ActiveCfg = Release|Any CPU
		{9B5776F3-C5E7-4642-A6FF-D1D954AB6133}.Release|Any CPU.Build.0 = Release|Any CPU
		{9B5776F3-C5E7-4642-A6FF-D1D954AB6133}.Release|x64.ActiveCfg = Release|Any CPU
		{9B5776F3-C5E7-4642-A6FF-D1D954AB6133}.Release|x64.Build.0 = Release|Any CPU
		{9B5776F3-C5E7-4642-A6FF-D1D954AB6133}.Release|x86.ActiveCfg = Release|Any CPU
		{9B5776F3-C5E7-4642-A6FF-D1D954AB6133}.Release|x86.Build.0 = Release|Any CPU
		{03B81176-115F-47AE-94C2-7E0A459EE9D7}.Debug|Any CPU.ActiveCfg = Debug|Any CPU
		{03B81176-115F-47AE-94C2-7E0A459EE9D7}.Debug|Any CPU.Build.0 = Debug|Any CPU
		{03B81176-115F-47AE-94C2-7E0A459EE9D7}.Debug|x64.ActiveCfg = Debug|Any CPU
		{03B81176-115F-47AE-94C2-7E0A459EE9D7}.Debug|x64.Build.0 = Debug|Any CPU
		{03B81176-115F-47AE-94C2-7E0A459EE9D7}.Debug|x86.ActiveCfg = Debug|Any CPU
		{03B81176-115F-47AE-94C2-7E0A459EE9D7}.Debug|x86.Build.0 = Debug|Any CPU
		{03B81176-115F-47AE-94C2-7E0A459EE9D7}.Release|Any CPU.ActiveCfg = Release|Any CPU
		{03B81176-115F-47AE-94C2-7E0A459EE9D7}.Release|Any CPU.Build.0 = Release|Any CPU
		{03B81176-115F-47AE-94C2-7E0A459EE9D7}.Release|x64.ActiveCfg = Release|Any CPU
		{03B81176-115F-47AE-94C2-7E0A459EE9D7}.Release|x64.Build.0 = Release|Any CPU
		{03B81176-115F-47AE-94C2-7E0A459EE9D7}.Release|x86.ActiveCfg = Release|Any CPU
		{03B81176-115F-47AE-94C2-7E0A459EE9D7}.Release|x86.Build.0 = Release|Any CPU
	EndGlobalSection
	GlobalSection(SolutionProperties) = preSolution
		HideSolutionNode = FALSE
	EndGlobalSection
EndGlobal
