
Microsoft Visual Studio Solution File, Format Version 12.00
# Visual Studio Version 17
VisualStudioVersion = 17.0.31903.59
MinimumVisualStudioVersion = 10.0.40219.1
Project("{FAE04EC0-301F-11D3-BF4B-00C04F79EFBC}") = "Roblox.Platform.UserBlock.Core", "Roblox.Platform.UserBlock.Core\Roblox.Platform.UserBlock.Core.csproj", "{79422014-E388-4157-B7C8-9D44870864FF}"
EndProject
Project("{FAE04EC0-301F-11D3-BF4B-00C04F79EFBC}") = "Roblox.Platform.UserCacheMigrationSettings", "Roblox.Platform.UserCacheMigrationSettings\Roblox.Platform.UserCacheMigrationSettings.csproj", "{D54DF64D-9401-4C44-B84B-BF7139708360}"
EndProject
Project("{FAE04EC0-301F-11D3-BF4B-00C04F79EFBC}") = "Roblox.Platform.Users.Client", "Roblox.Platform.Users.Client\Roblox.Platform.Users.Client.csproj", "{80BDD027-BCA4-4A63-8136-38D8AFBE5B2B}"
EndProject
Project("{FAE04EC0-301F-11D3-BF4B-00C04F79EFBC}") = "Roblox.Platform.Users", "Roblox.Platform.Users\Roblox.Platform.Users.csproj", "{6133C8ED-D866-4F0E-8C18-0B36466008DB}"
EndProject
Project("{FAE04EC0-301F-11D3-BF4B-00C04F79EFBC}") = "Roblox.Platform.UserSetting", "Roblox.Platform.UserSetting\Roblox.Platform.UserSetting.csproj", "{F8F4B6D6-50D6-468C-8382-54D1472DF98F}"
EndProject
Global
	GlobalSection(SolutionConfigurationPlatforms) = preSolution
		Debug|Any CPU = Debug|Any CPU
		Debug|x64 = Debug|x64
		Debug|x86 = Debug|x86
		Release|Any CPU = Release|Any CPU
		Release|x64 = Release|x64
		Release|x86 = Release|x86
	EndGlobalSection
	GlobalSection(ProjectConfigurationPlatforms) = postSolution
		{79422014-E388-4157-B7C8-9D44870864FF}.Debug|Any CPU.ActiveCfg = Debug|Any CPU
		{79422014-E388-4157-B7C8-9D44870864FF}.Debug|Any CPU.Build.0 = Debug|Any CPU
		{79422014-E388-4157-B7C8-9D44870864FF}.Debug|x64.ActiveCfg = Debug|Any CPU
		{79422014-E388-4157-B7C8-9D44870864FF}.Debug|x64.Build.0 = Debug|Any CPU
		{79422014-E388-4157-B7C8-9D44870864FF}.Debug|x86.ActiveCfg = Debug|Any CPU
		{79422014-E388-4157-B7C8-9D44870864FF}.Debug|x86.Build.0 = Debug|Any CPU
		{79422014-E388-4157-B7C8-9D44870864FF}.Release|Any CPU.ActiveCfg = Release|Any CPU
		{79422014-E388-4157-B7C8-9D44870864FF}.Release|Any CPU.Build.0 = Release|Any CPU
		{79422014-E388-4157-B7C8-9D44870864FF}.Release|x64.ActiveCfg = Release|Any CPU
		{79422014-E388-4157-B7C8-9D44870864FF}.Release|x64.Build.0 = Release|Any CPU
		{79422014-E388-4157-B7C8-9D44870864FF}.Release|x86.ActiveCfg = Release|Any CPU
		{79422014-E388-4157-B7C8-9D44870864FF}.Release|x86.Build.0 = Release|Any CPU
		{D54DF64D-9401-4C44-B84B-BF7139708360}.Debug|Any CPU.ActiveCfg = Debug|Any CPU
		{D54DF64D-9401-4C44-B84B-BF7139708360}.Debug|Any CPU.Build.0 = Debug|Any CPU
		{D54DF64D-9401-4C44-B84B-BF7139708360}.Debug|x64.ActiveCfg = Debug|Any CPU
		{D54DF64D-9401-4C44-B84B-BF7139708360}.Debug|x64.Build.0 = Debug|Any CPU
		{D54DF64D-9401-4C44-B84B-BF7139708360}.Debug|x86.ActiveCfg = Debug|Any CPU
		{D54DF64D-9401-4C44-B84B-BF7139708360}.Debug|x86.Build.0 = Debug|Any CPU
		{D54DF64D-9401-4C44-B84B-BF7139708360}.Release|Any CPU.ActiveCfg = Release|Any CPU
		{D54DF64D-9401-4C44-B84B-BF7139708360}.Release|Any CPU.Build.0 = Release|Any CPU
		{D54DF64D-9401-4C44-B84B-BF7139708360}.Release|x64.ActiveCfg = Release|Any CPU
		{D54DF64D-9401-4C44-B84B-BF7139708360}.Release|x64.Build.0 = Release|Any CPU
		{D54DF64D-9401-4C44-B84B-BF7139708360}.Release|x86.ActiveCfg = Release|Any CPU
		{D54DF64D-9401-4C44-B84B-BF7139708360}.Release|x86.Build.0 = Release|Any CPU
		{80BDD027-BCA4-4A63-8136-38D8AFBE5B2B}.Debug|Any CPU.ActiveCfg = Debug|Any CPU
		{80BDD027-BCA4-4A63-8136-38D8AFBE5B2B}.Debug|Any CPU.Build.0 = Debug|Any CPU
		{80BDD027-BCA4-4A63-8136-38D8AFBE5B2B}.Debug|x64.ActiveCfg = Debug|Any CPU
		{80BDD027-BCA4-4A63-8136-38D8AFBE5B2B}.Debug|x64.Build.0 = Debug|Any CPU
		{80BDD027-BCA4-4A63-8136-38D8AFBE5B2B}.Debug|x86.ActiveCfg = Debug|Any CPU
		{80BDD027-BCA4-4A63-8136-38D8AFBE5B2B}.Debug|x86.Build.0 = Debug|Any CPU
		{80BDD027-BCA4-4A63-8136-38D8AFBE5B2B}.Release|Any CPU.ActiveCfg = Release|Any CPU
		{80BDD027-BCA4-4A63-8136-38D8AFBE5B2B}.Release|Any CPU.Build.0 = Release|Any CPU
		{80BDD027-BCA4-4A63-8136-38D8AFBE5B2B}.Release|x64.ActiveCfg = Release|Any CPU
		{80BDD027-BCA4-4A63-8136-38D8AFBE5B2B}.Release|x64.Build.0 = Release|Any CPU
		{80BDD027-BCA4-4A63-8136-38D8AFBE5B2B}.Release|x86.ActiveCfg = Release|Any CPU
		{80BDD027-BCA4-4A63-8136-38D8AFBE5B2B}.Release|x86.Build.0 = Release|Any CPU
		{6133C8ED-D866-4F0E-8C18-0B36466008DB}.Debug|Any CPU.ActiveCfg = Debug|Any CPU
		{6133C8ED-D866-4F0E-8C18-0B36466008DB}.Debug|Any CPU.Build.0 = Debug|Any CPU
		{6133C8ED-D866-4F0E-8C18-0B36466008DB}.Debug|x64.ActiveCfg = Debug|Any CPU
		{6133C8ED-D866-4F0E-8C18-0B36466008DB}.Debug|x64.Build.0 = Debug|Any CPU
		{6133C8ED-D866-4F0E-8C18-0B36466008DB}.Debug|x86.ActiveCfg = Debug|Any CPU
		{6133C8ED-D866-4F0E-8C18-0B36466008DB}.Debug|x86.Build.0 = Debug|Any CPU
		{6133C8ED-D866-4F0E-8C18-0B36466008DB}.Release|Any CPU.ActiveCfg = Release|Any CPU
		{6133C8ED-D866-4F0E-8C18-0B36466008DB}.Release|Any CPU.Build.0 = Release|Any CPU
		{6133C8ED-D866-4F0E-8C18-0B36466008DB}.Release|x64.ActiveCfg = Release|Any CPU
		{6133C8ED-D866-4F0E-8C18-0B36466008DB}.Release|x64.Build.0 = Release|Any CPU
		{6133C8ED-D866-4F0E-8C18-0B36466008DB}.Release|x86.ActiveCfg = Release|Any CPU
		{6133C8ED-D866-4F0E-8C18-0B36466008DB}.Release|x86.Build.0 = Release|Any CPU
		{F8F4B6D6-50D6-468C-8382-54D1472DF98F}.Debug|Any CPU.ActiveCfg = Debug|Any CPU
		{F8F4B6D6-50D6-468C-8382-54D1472DF98F}.Debug|Any CPU.Build.0 = Debug|Any CPU
		{F8F4B6D6-50D6-468C-8382-54D1472DF98F}.Debug|x64.ActiveCfg = Debug|Any CPU
		{F8F4B6D6-50D6-468C-8382-54D1472DF98F}.Debug|x64.Build.0 = Debug|Any CPU
		{F8F4B6D6-50D6-468C-8382-54D1472DF98F}.Debug|x86.ActiveCfg = Debug|Any CPU
		{F8F4B6D6-50D6-468C-8382-54D1472DF98F}.Debug|x86.Build.0 = Debug|Any CPU
		{F8F4B6D6-50D6-468C-8382-54D1472DF98F}.Release|Any CPU.ActiveCfg = Release|Any CPU
		{F8F4B6D6-50D6-468C-8382-54D1472DF98F}.Release|Any CPU.Build.0 = Release|Any CPU
		{F8F4B6D6-50D6-468C-8382-54D1472DF98F}.Release|x64.ActiveCfg = Release|Any CPU
		{F8F4B6D6-50D6-468C-8382-54D1472DF98F}.Release|x64.Build.0 = Release|Any CPU
		{F8F4B6D6-50D6-468C-8382-54D1472DF98F}.Release|x86.ActiveCfg = Release|Any CPU
		{F8F4B6D6-50D6-468C-8382-54D1472DF98F}.Release|x86.Build.0 = Release|Any CPU
	EndGlobalSection
	GlobalSection(SolutionProperties) = preSolution
		HideSolutionNode = FALSE
	EndGlobalSection
EndGlobal
