
Microsoft Visual Studio Solution File, Format Version 12.00
# Visual Studio Version 17
VisualStudioVersion = 17.0.31903.59
MinimumVisualStudioVersion = 10.0.40219.1
Project("{FAE04EC0-301F-11D3-BF4B-00C04F79EFBC}") = "Roblox.Platform.Authentication.AccountSecurity", "Roblox.Platform.Authentication.AccountSecurity\Roblox.Platform.Authentication.AccountSecurity.csproj", "{6141A7B8-C35F-4819-962C-83EDAD0F7CAD}"
EndProject
Project("{FAE04EC0-301F-11D3-BF4B-00C04F79EFBC}") = "Roblox.Platform.Authentication.AccountSecurityTickets", "Roblox.Platform.Authentication.AccountSecurityTickets\Roblox.Platform.Authentication.AccountSecurityTickets.csproj", "{1AD0EBCE-2C37-4284-9B26-DF64B29840B0}"
EndProject
Project("{FAE04EC0-301F-11D3-BF4B-00C04F79EFBC}") = "Roblox.Platform.Authentication", "Roblox.Platform.Authentication\Roblox.Platform.Authentication.csproj", "{29C22A65-6573-44A0-9529-1A606D0AAAC3}"
EndProject
Project("{FAE04EC0-301F-11D3-BF4B-00C04F79EFBC}") = "Roblox.Platform.AuthenticationV2", "Roblox.Platform.AuthenticationV2\Roblox.Platform.AuthenticationV2.csproj", "{349C61A5-B553-480B-9414-56F183A7BDC1}"
EndProject
Global
	GlobalSection(SolutionConfigurationPlatforms) = preSolution
		Debug|Any CPU = Debug|Any CPU
		Debug|x64 = Debug|x64
		Debug|x86 = Debug|x86
		Release|Any CPU = Release|Any CPU
		Release|x64 = Release|x64
		Release|x86 = Release|x86
	EndGlobalSection
	GlobalSection(ProjectConfigurationPlatforms) = postSolution
		{6141A7B8-C35F-4819-962C-83EDAD0F7CAD}.Debug|Any CPU.ActiveCfg = Debug|Any CPU
		{6141A7B8-C35F-4819-962C-83EDAD0F7CAD}.Debug|Any CPU.Build.0 = Debug|Any CPU
		{6141A7B8-C35F-4819-962C-83EDAD0F7CAD}.Debug|x64.ActiveCfg = Debug|Any CPU
		{6141A7B8-C35F-4819-962C-83EDAD0F7CAD}.Debug|x64.Build.0 = Debug|Any CPU
		{6141A7B8-C35F-4819-962C-83EDAD0F7CAD}.Debug|x86.ActiveCfg = Debug|Any CPU
		{6141A7B8-C35F-4819-962C-83EDAD0F7CAD}.Debug|x86.Build.0 = Debug|Any CPU
		{6141A7B8-C35F-4819-962C-83EDAD0F7CAD}.Release|Any CPU.ActiveCfg = Release|Any CPU
		{6141A7B8-C35F-4819-962C-83EDAD0F7CAD}.Release|Any CPU.Build.0 = Release|Any CPU
		{6141A7B8-C35F-4819-962C-83EDAD0F7CAD}.Release|x64.ActiveCfg = Release|Any CPU
		{6141A7B8-C35F-4819-962C-83EDAD0F7CAD}.Release|x64.Build.0 = Release|Any CPU
		{6141A7B8-C35F-4819-962C-83EDAD0F7CAD}.Release|x86.ActiveCfg = Release|Any CPU
		{6141A7B8-C35F-4819-962C-83EDAD0F7CAD}.Release|x86.Build.0 = Release|Any CPU
		{1AD0EBCE-2C37-4284-9B26-DF64B29840B0}.Debug|Any CPU.ActiveCfg = Debug|Any CPU
		{1AD0EBCE-2C37-4284-9B26-DF64B29840B0}.Debug|Any CPU.Build.0 = Debug|Any CPU
		{1AD0EBCE-2C37-4284-9B26-DF64B29840B0}.Debug|x64.ActiveCfg = Debug|Any CPU
		{1AD0EBCE-2C37-4284-9B26-DF64B29840B0}.Debug|x64.Build.0 = Debug|Any CPU
		{1AD0EBCE-2C37-4284-9B26-DF64B29840B0}.Debug|x86.ActiveCfg = Debug|Any CPU
		{1AD0EBCE-2C37-4284-9B26-DF64B29840B0}.Debug|x86.Build.0 = Debug|Any CPU
		{1AD0EBCE-2C37-4284-9B26-DF64B29840B0}.Release|Any CPU.ActiveCfg = Release|Any CPU
		{1AD0EBCE-2C37-4284-9B26-DF64B29840B0}.Release|Any CPU.Build.0 = Release|Any CPU
		{1AD0EBCE-2C37-4284-9B26-DF64B29840B0}.Release|x64.ActiveCfg = Release|Any CPU
		{1AD0EBCE-2C37-4284-9B26-DF64B29840B0}.Release|x64.Build.0 = Release|Any CPU
		{1AD0EBCE-2C37-4284-9B26-DF64B29840B0}.Release|x86.ActiveCfg = Release|Any CPU
		{1AD0EBCE-2C37-4284-9B26-DF64B29840B0}.Release|x86.Build.0 = Release|Any CPU
		{29C22A65-6573-44A0-9529-1A606D0AAAC3}.Debug|Any CPU.ActiveCfg = Debug|Any CPU
		{29C22A65-6573-44A0-9529-1A606D0AAAC3}.Debug|Any CPU.Build.0 = Debug|Any CPU
		{29C22A65-6573-44A0-9529-1A606D0AAAC3}.Debug|x64.ActiveCfg = Debug|Any CPU
		{29C22A65-6573-44A0-9529-1A606D0AAAC3}.Debug|x64.Build.0 = Debug|Any CPU
		{29C22A65-6573-44A0-9529-1A606D0AAAC3}.Debug|x86.ActiveCfg = Debug|Any CPU
		{29C22A65-6573-44A0-9529-1A606D0AAAC3}.Debug|x86.Build.0 = Debug|Any CPU
		{29C22A65-6573-44A0-9529-1A606D0AAAC3}.Release|Any CPU.ActiveCfg = Release|Any CPU
		{29C22A65-6573-44A0-9529-1A606D0AAAC3}.Release|Any CPU.Build.0 = Release|Any CPU
		{29C22A65-6573-44A0-9529-1A606D0AAAC3}.Release|x64.ActiveCfg = Release|Any CPU
		{29C22A65-6573-44A0-9529-1A606D0AAAC3}.Release|x64.Build.0 = Release|Any CPU
		{29C22A65-6573-44A0-9529-1A606D0AAAC3}.Release|x86.ActiveCfg = Release|Any CPU
		{29C22A65-6573-44A0-9529-1A606D0AAAC3}.Release|x86.Build.0 = Release|Any CPU
		{349C61A5-B553-480B-9414-56F183A7BDC1}.Debug|Any CPU.ActiveCfg = Debug|Any CPU
		{349C61A5-B553-480B-9414-56F183A7BDC1}.Debug|Any CPU.Build.0 = Debug|Any CPU
		{349C61A5-B553-480B-9414-56F183A7BDC1}.Debug|x64.ActiveCfg = Debug|Any CPU
		{349C61A5-B553-480B-9414-56F183A7BDC1}.Debug|x64.Build.0 = Debug|Any CPU
		{349C61A5-B553-480B-9414-56F183A7BDC1}.Debug|x86.ActiveCfg = Debug|Any CPU
		{349C61A5-B553-480B-9414-56F183A7BDC1}.Debug|x86.Build.0 = Debug|Any CPU
		{349C61A5-B553-480B-9414-56F183A7BDC1}.Release|Any CPU.ActiveCfg = Release|Any CPU
		{349C61A5-B553-480B-9414-56F183A7BDC1}.Release|Any CPU.Build.0 = Release|Any CPU
		{349C61A5-B553-480B-9414-56F183A7BDC1}.Release|x64.ActiveCfg = Release|Any CPU
		{349C61A5-B553-480B-9414-56F183A7BDC1}.Release|x64.Build.0 = Release|Any CPU
		{349C61A5-B553-480B-9414-56F183A7BDC1}.Release|x86.ActiveCfg = Release|Any CPU
		{349C61A5-B553-480B-9414-56F183A7BDC1}.Release|x86.Build.0 = Release|Any CPU
	EndGlobalSection
	GlobalSection(SolutionProperties) = preSolution
		HideSolutionNode = FALSE
	EndGlobalSection
EndGlobal
