
Microsoft Visual Studio Solution File, Format Version 12.00
# Visual Studio Version 17
VisualStudioVersion = 17.0.31903.59
MinimumVisualStudioVersion = 10.0.40219.1
Project("{FAE04EC0-301F-11D3-BF4B-00C04F79EFBC}") = "Roblox.Web.Authentication", "Roblox.Web.Authentication\Roblox.Web.Authentication.csproj", "{7E46457B-0992-42AA-8594-A641341F2B12}"
EndProject
Project("{FAE04EC0-301F-11D3-BF4B-00C04F79EFBC}") = "Roblox.Web.Code", "Roblox.Web.Code\Roblox.Web.Code.csproj", "{6C261A2E-1CD3-433C-9F00-5C12E23D8B19}"
EndProject
Project("{FAE04EC0-301F-11D3-BF4B-00C04F79EFBC}") = "Roblox.Web.Devices", "Roblox.Web.Devices\Roblox.Web.Devices.csproj", "{1C3061D6-DB68-4EDB-9D9B-18896EB194A1}"
EndProject
Project("{FAE04EC0-301F-11D3-BF4B-00C04F79EFBC}") = "Roblox.Web.ElevatedActions", "Roblox.Web.ElevatedActions\Roblox.Web.ElevatedActions.csproj", "{1553FACA-0151-45D5-8ECF-076FC1CC1D83}"
EndProject
Project("{FAE04EC0-301F-11D3-BF4B-00C04F79EFBC}") = "Roblox.Web.Metrics", "Roblox.Web.Metrics\Roblox.Web.Metrics.csproj", "{3BE92775-0D2B-4AE4-BA05-9830994BC9CE}"
EndProject
Project("{FAE04EC0-301F-11D3-BF4B-00C04F79EFBC}") = "Roblox.Web.Presence", "Roblox.Web.Presence\Roblox.Web.Presence.csproj", "{DD5DCD2D-F1B6-445F-84B4-AC05C18718B4}"
EndProject
Project("{FAE04EC0-301F-11D3-BF4B-00C04F79EFBC}") = "Roblox.Web.SEO", "Roblox.Web.SEO\Roblox.Web.SEO.csproj", "{B553CACB-6775-4B1D-B56C-84DBF750D3D7}"
EndProject
Project("{FAE04EC0-301F-11D3-BF4B-00C04F79EFBC}") = "Roblox.Web.StaticContentV2", "Roblox.Web.StaticContentV2\Roblox.Web.StaticContentV2.csproj", "{82993828-E2E5-4614-818F-7A0B2CE37E6F}"
EndProject
Project("{FAE04EC0-301F-11D3-BF4B-00C04F79EFBC}") = "Roblox.Web.Thumbnails", "Roblox.Web.Thumbnails\Roblox.Web.Thumbnails.csproj", "{75463589-BBC9-41F2-904D-767EDE701334}"
EndProject
Project("{FAE04EC0-301F-11D3-BF4B-00C04F79EFBC}") = "Roblox.Web", "Roblox.Web\Roblox.Web.csproj", "{9E8100BB-52A7-4DDF-B36D-D18A41926784}"
EndProject
Project("{FAE04EC0-301F-11D3-BF4B-00C04F79EFBC}") = "Roblox.WebsiteSettings", "..//Website//Roblox.WebsiteSettings//Roblox.WebsiteSettings.csproj", "{3F6AE1C0-9BFB-43F2-AF96-003B8CFF4DE6}"
EndProject
Project("{FAE04EC0-301F-11D3-BF4B-00C04F79EFBC}") = "Roblox.WebAppUploader", "Roblox.WebAppUploader\Roblox.WebAppUploader.csproj", "{DEF2B6A6-98D0-44FD-B83B-43044A125B72}"
EndProject
Global
	GlobalSection(SolutionConfigurationPlatforms) = preSolution
		Debug|Any CPU = Debug|Any CPU
		Debug|x64 = Debug|x64
		Debug|x86 = Debug|x86
		Release|Any CPU = Release|Any CPU
		Release|x64 = Release|x64
		Release|x86 = Release|x86
	EndGlobalSection
	GlobalSection(ProjectConfigurationPlatforms) = postSolution
		{7E46457B-0992-42AA-8594-A641341F2B12}.Debug|Any CPU.ActiveCfg = Debug|Any CPU
		{7E46457B-0992-42AA-8594-A641341F2B12}.Debug|Any CPU.Build.0 = Debug|Any CPU
		{7E46457B-0992-42AA-8594-A641341F2B12}.Debug|x64.ActiveCfg = Debug|Any CPU
		{7E46457B-0992-42AA-8594-A641341F2B12}.Debug|x64.Build.0 = Debug|Any CPU
		{7E46457B-0992-42AA-8594-A641341F2B12}.Debug|x86.ActiveCfg = Debug|Any CPU
		{7E46457B-0992-42AA-8594-A641341F2B12}.Debug|x86.Build.0 = Debug|Any CPU
		{7E46457B-0992-42AA-8594-A641341F2B12}.Release|Any CPU.ActiveCfg = Release|Any CPU
		{7E46457B-0992-42AA-8594-A641341F2B12}.Release|Any CPU.Build.0 = Release|Any CPU
		{7E46457B-0992-42AA-8594-A641341F2B12}.Release|x64.ActiveCfg = Release|Any CPU
		{7E46457B-0992-42AA-8594-A641341F2B12}.Release|x64.Build.0 = Release|Any CPU
		{7E46457B-0992-42AA-8594-A641341F2B12}.Release|x86.ActiveCfg = Release|Any CPU
		{7E46457B-0992-42AA-8594-A641341F2B12}.Release|x86.Build.0 = Release|Any CPU
		{6C261A2E-1CD3-433C-9F00-5C12E23D8B19}.Debug|Any CPU.ActiveCfg = Debug|Any CPU
		{6C261A2E-1CD3-433C-9F00-5C12E23D8B19}.Debug|Any CPU.Build.0 = Debug|Any CPU
		{6C261A2E-1CD3-433C-9F00-5C12E23D8B19}.Debug|x64.ActiveCfg = Debug|Any CPU
		{6C261A2E-1CD3-433C-9F00-5C12E23D8B19}.Debug|x64.Build.0 = Debug|Any CPU
		{6C261A2E-1CD3-433C-9F00-5C12E23D8B19}.Debug|x86.ActiveCfg = Debug|Any CPU
		{6C261A2E-1CD3-433C-9F00-5C12E23D8B19}.Debug|x86.Build.0 = Debug|Any CPU
		{6C261A2E-1CD3-433C-9F00-5C12E23D8B19}.Release|Any CPU.ActiveCfg = Release|Any CPU
		{6C261A2E-1CD3-433C-9F00-5C12E23D8B19}.Release|Any CPU.Build.0 = Release|Any CPU
		{6C261A2E-1CD3-433C-9F00-5C12E23D8B19}.Release|x64.ActiveCfg = Release|Any CPU
		{6C261A2E-1CD3-433C-9F00-5C12E23D8B19}.Release|x64.Build.0 = Release|Any CPU
		{6C261A2E-1CD3-433C-9F00-5C12E23D8B19}.Release|x86.ActiveCfg = Release|Any CPU
		{6C261A2E-1CD3-433C-9F00-5C12E23D8B19}.Release|x86.Build.0 = Release|Any CPU
		{1C3061D6-DB68-4EDB-9D9B-18896EB194A1}.Debug|Any CPU.ActiveCfg = Debug|Any CPU
		{1C3061D6-DB68-4EDB-9D9B-18896EB194A1}.Debug|Any CPU.Build.0 = Debug|Any CPU
		{1C3061D6-DB68-4EDB-9D9B-18896EB194A1}.Debug|x64.ActiveCfg = Debug|Any CPU
		{1C3061D6-DB68-4EDB-9D9B-18896EB194A1}.Debug|x64.Build.0 = Debug|Any CPU
		{1C3061D6-DB68-4EDB-9D9B-18896EB194A1}.Debug|x86.ActiveCfg = Debug|Any CPU
		{1C3061D6-DB68-4EDB-9D9B-18896EB194A1}.Debug|x86.Build.0 = Debug|Any CPU
		{1C3061D6-DB68-4EDB-9D9B-18896EB194A1}.Release|Any CPU.ActiveCfg = Release|Any CPU
		{1C3061D6-DB68-4EDB-9D9B-18896EB194A1}.Release|Any CPU.Build.0 = Release|Any CPU
		{1C3061D6-DB68-4EDB-9D9B-18896EB194A1}.Release|x64.ActiveCfg = Release|Any CPU
		{1C3061D6-DB68-4EDB-9D9B-18896EB194A1}.Release|x64.Build.0 = Release|Any CPU
		{1C3061D6-DB68-4EDB-9D9B-18896EB194A1}.Release|x86.ActiveCfg = Release|Any CPU
		{1C3061D6-DB68-4EDB-9D9B-18896EB194A1}.Release|x86.Build.0 = Release|Any CPU
		{1553FACA-0151-45D5-8ECF-076FC1CC1D83}.Debug|Any CPU.ActiveCfg = Debug|Any CPU
		{1553FACA-0151-45D5-8ECF-076FC1CC1D83}.Debug|Any CPU.Build.0 = Debug|Any CPU
		{1553FACA-0151-45D5-8ECF-076FC1CC1D83}.Debug|x64.ActiveCfg = Debug|Any CPU
		{1553FACA-0151-45D5-8ECF-076FC1CC1D83}.Debug|x64.Build.0 = Debug|Any CPU
		{1553FACA-0151-45D5-8ECF-076FC1CC1D83}.Debug|x86.ActiveCfg = Debug|Any CPU
		{1553FACA-0151-45D5-8ECF-076FC1CC1D83}.Debug|x86.Build.0 = Debug|Any CPU
		{1553FACA-0151-45D5-8ECF-076FC1CC1D83}.Release|Any CPU.ActiveCfg = Release|Any CPU
		{1553FACA-0151-45D5-8ECF-076FC1CC1D83}.Release|Any CPU.Build.0 = Release|Any CPU
		{1553FACA-0151-45D5-8ECF-076FC1CC1D83}.Release|x64.ActiveCfg = Release|Any CPU
		{1553FACA-0151-45D5-8ECF-076FC1CC1D83}.Release|x64.Build.0 = Release|Any CPU
		{1553FACA-0151-45D5-8ECF-076FC1CC1D83}.Release|x86.ActiveCfg = Release|Any CPU
		{1553FACA-0151-45D5-8ECF-076FC1CC1D83}.Release|x86.Build.0 = Release|Any CPU
		{3BE92775-0D2B-4AE4-BA05-9830994BC9CE}.Debug|Any CPU.ActiveCfg = Debug|Any CPU
		{3BE92775-0D2B-4AE4-BA05-9830994BC9CE}.Debug|Any CPU.Build.0 = Debug|Any CPU
		{3BE92775-0D2B-4AE4-BA05-9830994BC9CE}.Debug|x64.ActiveCfg = Debug|Any CPU
		{3BE92775-0D2B-4AE4-BA05-9830994BC9CE}.Debug|x64.Build.0 = Debug|Any CPU
		{3BE92775-0D2B-4AE4-BA05-9830994BC9CE}.Debug|x86.ActiveCfg = Debug|Any CPU
		{3BE92775-0D2B-4AE4-BA05-9830994BC9CE}.Debug|x86.Build.0 = Debug|Any CPU
		{3BE92775-0D2B-4AE4-BA05-9830994BC9CE}.Release|Any CPU.ActiveCfg = Release|Any CPU
		{3BE92775-0D2B-4AE4-BA05-9830994BC9CE}.Release|Any CPU.Build.0 = Release|Any CPU
		{3BE92775-0D2B-4AE4-BA05-9830994BC9CE}.Release|x64.ActiveCfg = Release|Any CPU
		{3BE92775-0D2B-4AE4-BA05-9830994BC9CE}.Release|x64.Build.0 = Release|Any CPU
		{3BE92775-0D2B-4AE4-BA05-9830994BC9CE}.Release|x86.ActiveCfg = Release|Any CPU
		{3BE92775-0D2B-4AE4-BA05-9830994BC9CE}.Release|x86.Build.0 = Release|Any CPU
		{DD5DCD2D-F1B6-445F-84B4-AC05C18718B4}.Debug|Any CPU.ActiveCfg = Debug|Any CPU
		{DD5DCD2D-F1B6-445F-84B4-AC05C18718B4}.Debug|Any CPU.Build.0 = Debug|Any CPU
		{DD5DCD2D-F1B6-445F-84B4-AC05C18718B4}.Debug|x64.ActiveCfg = Debug|Any CPU
		{DD5DCD2D-F1B6-445F-84B4-AC05C18718B4}.Debug|x64.Build.0 = Debug|Any CPU
		{DD5DCD2D-F1B6-445F-84B4-AC05C18718B4}.Debug|x86.ActiveCfg = Debug|Any CPU
		{DD5DCD2D-F1B6-445F-84B4-AC05C18718B4}.Debug|x86.Build.0 = Debug|Any CPU
		{DD5DCD2D-F1B6-445F-84B4-AC05C18718B4}.Release|Any CPU.ActiveCfg = Release|Any CPU
		{DD5DCD2D-F1B6-445F-84B4-AC05C18718B4}.Release|Any CPU.Build.0 = Release|Any CPU
		{DD5DCD2D-F1B6-445F-84B4-AC05C18718B4}.Release|x64.ActiveCfg = Release|Any CPU
		{DD5DCD2D-F1B6-445F-84B4-AC05C18718B4}.Release|x64.Build.0 = Release|Any CPU
		{DD5DCD2D-F1B6-445F-84B4-AC05C18718B4}.Release|x86.ActiveCfg = Release|Any CPU
		{DD5DCD2D-F1B6-445F-84B4-AC05C18718B4}.Release|x86.Build.0 = Release|Any CPU
		{B553CACB-6775-4B1D-B56C-84DBF750D3D7}.Debug|Any CPU.ActiveCfg = Debug|Any CPU
		{B553CACB-6775-4B1D-B56C-84DBF750D3D7}.Debug|Any CPU.Build.0 = Debug|Any CPU
		{B553CACB-6775-4B1D-B56C-84DBF750D3D7}.Debug|x64.ActiveCfg = Debug|Any CPU
		{B553CACB-6775-4B1D-B56C-84DBF750D3D7}.Debug|x64.Build.0 = Debug|Any CPU
		{B553CACB-6775-4B1D-B56C-84DBF750D3D7}.Debug|x86.ActiveCfg = Debug|Any CPU
		{B553CACB-6775-4B1D-B56C-84DBF750D3D7}.Debug|x86.Build.0 = Debug|Any CPU
		{B553CACB-6775-4B1D-B56C-84DBF750D3D7}.Release|Any CPU.ActiveCfg = Release|Any CPU
		{B553CACB-6775-4B1D-B56C-84DBF750D3D7}.Release|Any CPU.Build.0 = Release|Any CPU
		{B553CACB-6775-4B1D-B56C-84DBF750D3D7}.Release|x64.ActiveCfg = Release|Any CPU
		{B553CACB-6775-4B1D-B56C-84DBF750D3D7}.Release|x64.Build.0 = Release|Any CPU
		{B553CACB-6775-4B1D-B56C-84DBF750D3D7}.Release|x86.ActiveCfg = Release|Any CPU
		{B553CACB-6775-4B1D-B56C-84DBF750D3D7}.Release|x86.Build.0 = Release|Any CPU
		{82993828-E2E5-4614-818F-7A0B2CE37E6F}.Debug|Any CPU.ActiveCfg = Debug|Any CPU
		{82993828-E2E5-4614-818F-7A0B2CE37E6F}.Debug|Any CPU.Build.0 = Debug|Any CPU
		{82993828-E2E5-4614-818F-7A0B2CE37E6F}.Debug|x64.ActiveCfg = Debug|Any CPU
		{82993828-E2E5-4614-818F-7A0B2CE37E6F}.Debug|x64.Build.0 = Debug|Any CPU
		{82993828-E2E5-4614-818F-7A0B2CE37E6F}.Debug|x86.ActiveCfg = Debug|Any CPU
		{82993828-E2E5-4614-818F-7A0B2CE37E6F}.Debug|x86.Build.0 = Debug|Any CPU
		{82993828-E2E5-4614-818F-7A0B2CE37E6F}.Release|Any CPU.ActiveCfg = Release|Any CPU
		{82993828-E2E5-4614-818F-7A0B2CE37E6F}.Release|Any CPU.Build.0 = Release|Any CPU
		{82993828-E2E5-4614-818F-7A0B2CE37E6F}.Release|x64.ActiveCfg = Release|Any CPU
		{82993828-E2E5-4614-818F-7A0B2CE37E6F}.Release|x64.Build.0 = Release|Any CPU
		{82993828-E2E5-4614-818F-7A0B2CE37E6F}.Release|x86.ActiveCfg = Release|Any CPU
		{82993828-E2E5-4614-818F-7A0B2CE37E6F}.Release|x86.Build.0 = Release|Any CPU
		{75463589-BBC9-41F2-904D-767EDE701334}.Debug|Any CPU.ActiveCfg = Debug|Any CPU
		{75463589-BBC9-41F2-904D-767EDE701334}.Debug|Any CPU.Build.0 = Debug|Any CPU
		{75463589-BBC9-41F2-904D-767EDE701334}.Debug|x64.ActiveCfg = Debug|Any CPU
		{75463589-BBC9-41F2-904D-767EDE701334}.Debug|x64.Build.0 = Debug|Any CPU
		{75463589-BBC9-41F2-904D-767EDE701334}.Debug|x86.ActiveCfg = Debug|Any CPU
		{75463589-BBC9-41F2-904D-767EDE701334}.Debug|x86.Build.0 = Debug|Any CPU
		{75463589-BBC9-41F2-904D-767EDE701334}.Release|Any CPU.ActiveCfg = Release|Any CPU
		{75463589-BBC9-41F2-904D-767EDE701334}.Release|Any CPU.Build.0 = Release|Any CPU
		{75463589-BBC9-41F2-904D-767EDE701334}.Release|x64.ActiveCfg = Release|Any CPU
		{75463589-BBC9-41F2-904D-767EDE701334}.Release|x64.Build.0 = Release|Any CPU
		{75463589-BBC9-41F2-904D-767EDE701334}.Release|x86.ActiveCfg = Release|Any CPU
		{75463589-BBC9-41F2-904D-767EDE701334}.Release|x86.Build.0 = Release|Any CPU
		{9E8100BB-52A7-4DDF-B36D-D18A41926784}.Debug|Any CPU.ActiveCfg = Debug|Any CPU
		{9E8100BB-52A7-4DDF-B36D-D18A41926784}.Debug|Any CPU.Build.0 = Debug|Any CPU
		{9E8100BB-52A7-4DDF-B36D-D18A41926784}.Debug|x64.ActiveCfg = Debug|Any CPU
		{9E8100BB-52A7-4DDF-B36D-D18A41926784}.Debug|x64.Build.0 = Debug|Any CPU
		{9E8100BB-52A7-4DDF-B36D-D18A41926784}.Debug|x86.ActiveCfg = Debug|Any CPU
		{9E8100BB-52A7-4DDF-B36D-D18A41926784}.Debug|x86.Build.0 = Debug|Any CPU
		{9E8100BB-52A7-4DDF-B36D-D18A41926784}.Release|Any CPU.ActiveCfg = Release|Any CPU
		{9E8100BB-52A7-4DDF-B36D-D18A41926784}.Release|Any CPU.Build.0 = Release|Any CPU
		{9E8100BB-52A7-4DDF-B36D-D18A41926784}.Release|x64.ActiveCfg = Release|Any CPU
		{9E8100BB-52A7-4DDF-B36D-D18A41926784}.Release|x64.Build.0 = Release|Any CPU
		{9E8100BB-52A7-4DDF-B36D-D18A41926784}.Release|x86.ActiveCfg = Release|Any CPU
		{9E8100BB-52A7-4DDF-B36D-D18A41926784}.Release|x86.Build.0 = Release|Any CPU
		{3F6AE1C0-9BFB-43F2-AF96-003B8CFF4DE6}.Debug|Any CPU.ActiveCfg = Debug|Any CPU
		{3F6AE1C0-9BFB-43F2-AF96-003B8CFF4DE6}.Debug|Any CPU.Build.0 = Debug|Any CPU
		{3F6AE1C0-9BFB-43F2-AF96-003B8CFF4DE6}.Debug|x64.ActiveCfg = Debug|Any CPU
		{3F6AE1C0-9BFB-43F2-AF96-003B8CFF4DE6}.Debug|x64.Build.0 = Debug|Any CPU
		{3F6AE1C0-9BFB-43F2-AF96-003B8CFF4DE6}.Debug|x86.ActiveCfg = Debug|Any CPU
		{3F6AE1C0-9BFB-43F2-AF96-003B8CFF4DE6}.Debug|x86.Build.0 = Debug|Any CPU
		{3F6AE1C0-9BFB-43F2-AF96-003B8CFF4DE6}.Release|Any CPU.ActiveCfg = Release|Any CPU
		{3F6AE1C0-9BFB-43F2-AF96-003B8CFF4DE6}.Release|Any CPU.Build.0 = Release|Any CPU
		{3F6AE1C0-9BFB-43F2-AF96-003B8CFF4DE6}.Release|x64.ActiveCfg = Release|Any CPU
		{3F6AE1C0-9BFB-43F2-AF96-003B8CFF4DE6}.Release|x64.Build.0 = Release|Any CPU
		{3F6AE1C0-9BFB-43F2-AF96-003B8CFF4DE6}.Release|x86.ActiveCfg = Release|Any CPU
		{3F6AE1C0-9BFB-43F2-AF96-003B8CFF4DE6}.Release|x86.Build.0 = Release|Any CPU
		{DEF2B6A6-98D0-44FD-B83B-43044A125B72}.Debug|Any CPU.ActiveCfg = Debug|Any CPU
		{DEF2B6A6-98D0-44FD-B83B-43044A125B72}.Debug|Any CPU.Build.0 = Debug|Any CPU
		{DEF2B6A6-98D0-44FD-B83B-43044A125B72}.Debug|x64.ActiveCfg = Debug|Any CPU
		{DEF2B6A6-98D0-44FD-B83B-43044A125B72}.Debug|x64.Build.0 = Debug|Any CPU
		{DEF2B6A6-98D0-44FD-B83B-43044A125B72}.Debug|x86.ActiveCfg = Debug|Any CPU
		{DEF2B6A6-98D0-44FD-B83B-43044A125B72}.Debug|x86.Build.0 = Debug|Any CPU
		{DEF2B6A6-98D0-44FD-B83B-43044A125B72}.Release|Any CPU.ActiveCfg = Release|Any CPU
		{DEF2B6A6-98D0-44FD-B83B-43044A125B72}.Release|Any CPU.Build.0 = Release|Any CPU
		{DEF2B6A6-98D0-44FD-B83B-43044A125B72}.Release|x64.ActiveCfg = Release|Any CPU
		{DEF2B6A6-98D0-44FD-B83B-43044A125B72}.Release|x64.Build.0 = Release|Any CPU
		{DEF2B6A6-98D0-44FD-B83B-43044A125B72}.Release|x86.ActiveCfg = Release|Any CPU
		{DEF2B6A6-98D0-44FD-B83B-43044A125B72}.Release|x86.Build.0 = Release|Any CPU
	EndGlobalSection
	GlobalSection(SolutionProperties) = preSolution
		HideSolutionNode = FALSE
	EndGlobalSection
EndGlobal
