
Microsoft Visual Studio Solution File, Format Version 12.00
# Visual Studio Version 17
VisualStudioVersion = 17.0.31903.59
MinimumVisualStudioVersion = 10.0.40219.1
Project("{FAE04EC0-301F-11D3-BF4B-00C04F79EFBC}") = "Roblox.Platform.PremiumFeatures.Models", "Roblox.Platform.PremiumFeatures.Models\Roblox.Platform.PremiumFeatures.Models.csproj", "{A18EF61C-4838-409A-B5D6-96C4EFCAF9C5}"
EndProject
Project("{FAE04EC0-301F-11D3-BF4B-00C04F79EFBC}") = "Roblox.Platform.PremiumFeatures", "Roblox.Platform.PremiumFeatures\Roblox.Platform.PremiumFeatures.csproj", "{A9015AE1-E2DE-46DC-949B-8B33DE5D04AB}"
EndProject
Global
	GlobalSection(SolutionConfigurationPlatforms) = preSolution
		Debug|Any CPU = Debug|Any CPU
		Debug|x64 = Debug|x64
		Debug|x86 = Debug|x86
		Release|Any CPU = Release|Any CPU
		Release|x64 = Release|x64
		Release|x86 = Release|x86
	EndGlobalSection
	GlobalSection(ProjectConfigurationPlatforms) = postSolution
		{A18EF61C-4838-409A-B5D6-96C4EFCAF9C5}.Debug|Any CPU.ActiveCfg = Debug|Any CPU
		{A18EF61C-4838-409A-B5D6-96C4EFCAF9C5}.Debug|Any CPU.Build.0 = Debug|Any CPU
		{A18EF61C-4838-409A-B5D6-96C4EFCAF9C5}.Debug|x64.ActiveCfg = Debug|Any CPU
		{A18EF61C-4838-409A-B5D6-96C4EFCAF9C5}.Debug|x64.Build.0 = Debug|Any CPU
		{A18EF61C-4838-409A-B5D6-96C4EFCAF9C5}.Debug|x86.ActiveCfg = Debug|Any CPU
		{A18EF61C-4838-409A-B5D6-96C4EFCAF9C5}.Debug|x86.Build.0 = Debug|Any CPU
		{A18EF61C-4838-409A-B5D6-96C4EFCAF9C5}.Release|Any CPU.ActiveCfg = Release|Any CPU
		{A18EF61C-4838-409A-B5D6-96C4EFCAF9C5}.Release|Any CPU.Build.0 = Release|Any CPU
		{A18EF61C-4838-409A-B5D6-96C4EFCAF9C5}.Release|x64.ActiveCfg = Release|Any CPU
		{A18EF61C-4838-409A-B5D6-96C4EFCAF9C5}.Release|x64.Build.0 = Release|Any CPU
		{A18EF61C-4838-409A-B5D6-96C4EFCAF9C5}.Release|x86.ActiveCfg = Release|Any CPU
		{A18EF61C-4838-409A-B5D6-96C4EFCAF9C5}.Release|x86.Build.0 = Release|Any CPU
		{A9015AE1-E2DE-46DC-949B-8B33DE5D04AB}.Debug|Any CPU.ActiveCfg = Debug|Any CPU
		{A9015AE1-E2DE-46DC-949B-8B33DE5D04AB}.Debug|Any CPU.Build.0 = Debug|Any CPU
		{A9015AE1-E2DE-46DC-949B-8B33DE5D04AB}.Debug|x64.ActiveCfg = Debug|Any CPU
		{A9015AE1-E2DE-46DC-949B-8B33DE5D04AB}.Debug|x64.Build.0 = Debug|Any CPU
		{A9015AE1-E2DE-46DC-949B-8B33DE5D04AB}.Debug|x86.ActiveCfg = Debug|Any CPU
		{A9015AE1-E2DE-46DC-949B-8B33DE5D04AB}.Debug|x86.Build.0 = Debug|Any CPU
		{A9015AE1-E2DE-46DC-949B-8B33DE5D04AB}.Release|Any CPU.ActiveCfg = Release|Any CPU
		{A9015AE1-E2DE-46DC-949B-8B33DE5D04AB}.Release|Any CPU.Build.0 = Release|Any CPU
		{A9015AE1-E2DE-46DC-949B-8B33DE5D04AB}.Release|x64.ActiveCfg = Release|Any CPU
		{A9015AE1-E2DE-46DC-949B-8B33DE5D04AB}.Release|x64.Build.0 = Release|Any CPU
		{A9015AE1-E2DE-46DC-949B-8B33DE5D04AB}.Release|x86.ActiveCfg = Release|Any CPU
		{A9015AE1-E2DE-46DC-949B-8B33DE5D04AB}.Release|x86.Build.0 = Release|Any CPU
	EndGlobalSection
	GlobalSection(SolutionProperties) = preSolution
		HideSolutionNode = FALSE
	EndGlobalSection
EndGlobal
