
Microsoft Visual Studio Solution File, Format Version 12.00
# Visual Studio Version 17
VisualStudioVersion = 17.0.31903.59
MinimumVisualStudioVersion = 10.0.40219.1
Project("{FAE04EC0-301F-11D3-BF4B-00C04F79EFBC}") = "Roblox.Platform.AbTesting.Core", "Roblox.Platform.AbTesting.Core\Roblox.Platform.AbTesting.Core.csproj", "{D0DB1039-E6C0-432D-A229-E36119B6074B}"
EndProject
Project("{FAE04EC0-301F-11D3-BF4B-00C04F79EFBC}") = "Roblox.Platform.AbTesting", "Roblox.Platform.AbTesting\Roblox.Platform.AbTesting.csproj", "{21621AAB-CA4D-4D13-859E-93820AC3B7A2}"
EndProject
Global
	GlobalSection(SolutionConfigurationPlatforms) = preSolution
		Debug|Any CPU = Debug|Any CPU
		Debug|x64 = Debug|x64
		Debug|x86 = Debug|x86
		Release|Any CPU = Release|Any CPU
		Release|x64 = Release|x64
		Release|x86 = Release|x86
	EndGlobalSection
	GlobalSection(ProjectConfigurationPlatforms) = postSolution
		{D0DB1039-E6C0-432D-A229-E36119B6074B}.Debug|Any CPU.ActiveCfg = Debug|Any CPU
		{D0DB1039-E6C0-432D-A229-E36119B6074B}.Debug|Any CPU.Build.0 = Debug|Any CPU
		{D0DB1039-E6C0-432D-A229-E36119B6074B}.Debug|x64.ActiveCfg = Debug|Any CPU
		{D0DB1039-E6C0-432D-A229-E36119B6074B}.Debug|x64.Build.0 = Debug|Any CPU
		{D0DB1039-E6C0-432D-A229-E36119B6074B}.Debug|x86.ActiveCfg = Debug|Any CPU
		{D0DB1039-E6C0-432D-A229-E36119B6074B}.Debug|x86.Build.0 = Debug|Any CPU
		{D0DB1039-E6C0-432D-A229-E36119B6074B}.Release|Any CPU.ActiveCfg = Release|Any CPU
		{D0DB1039-E6C0-432D-A229-E36119B6074B}.Release|Any CPU.Build.0 = Release|Any CPU
		{D0DB1039-E6C0-432D-A229-E36119B6074B}.Release|x64.ActiveCfg = Release|Any CPU
		{D0DB1039-E6C0-432D-A229-E36119B6074B}.Release|x64.Build.0 = Release|Any CPU
		{D0DB1039-E6C0-432D-A229-E36119B6074B}.Release|x86.ActiveCfg = Release|Any CPU
		{D0DB1039-E6C0-432D-A229-E36119B6074B}.Release|x86.Build.0 = Release|Any CPU
		{21621AAB-CA4D-4D13-859E-93820AC3B7A2}.Debug|Any CPU.ActiveCfg = Debug|Any CPU
		{21621AAB-CA4D-4D13-859E-93820AC3B7A2}.Debug|Any CPU.Build.0 = Debug|Any CPU
		{21621AAB-CA4D-4D13-859E-93820AC3B7A2}.Debug|x64.ActiveCfg = Debug|Any CPU
		{21621AAB-CA4D-4D13-859E-93820AC3B7A2}.Debug|x64.Build.0 = Debug|Any CPU
		{21621AAB-CA4D-4D13-859E-93820AC3B7A2}.Debug|x86.ActiveCfg = Debug|Any CPU
		{21621AAB-CA4D-4D13-859E-93820AC3B7A2}.Debug|x86.Build.0 = Debug|Any CPU
		{21621AAB-CA4D-4D13-859E-93820AC3B7A2}.Release|Any CPU.ActiveCfg = Release|Any CPU
		{21621AAB-CA4D-4D13-859E-93820AC3B7A2}.Release|Any CPU.Build.0 = Release|Any CPU
		{21621AAB-CA4D-4D13-859E-93820AC3B7A2}.Release|x64.ActiveCfg = Release|Any CPU
		{21621AAB-CA4D-4D13-859E-93820AC3B7A2}.Release|x64.Build.0 = Release|Any CPU
		{21621AAB-CA4D-4D13-859E-93820AC3B7A2}.Release|x86.ActiveCfg = Release|Any CPU
		{21621AAB-CA4D-4D13-859E-93820AC3B7A2}.Release|x86.Build.0 = Release|Any CPU
	EndGlobalSection
	GlobalSection(SolutionProperties) = preSolution
		HideSolutionNode = FALSE
	EndGlobalSection
EndGlobal
